
Microsoft Visual Studio Solution File, Format Version 12.00
# Visual Studio Version 17
VisualStudioVersion = 17.0.31903.59
MinimumVisualStudioVersion = 10.0.40219.1
Project("{2150E333-8FDC-42A3-9474-1A3956D46DE8}") = "CapaAccesoDatos", "CapaAccesoDatos", "{E9167FFE-0596-C753-3121-4682AF242C20}"
EndProject
Project("{2150E333-8FDC-42A3-9474-1A3956D46DE8}") = "Helper", "Helper", "{EEC30E34-790B-9CEA-1AD3-FD4FD3416C3B}"
EndProject
Project("{F184B08F-C81C-45F6-A57F-5ABD9991F28F}") = "Helper.AccesoDatos", "CapaAccesoDatos\Helper\Helper.AccesoDatos\Helper.AccesoDatos.vbproj", "{847361A7-AE17-45C5-AB76-9D32C48D80A9}"
EndProject
Project("{2150E333-8FDC-42A3-9474-1A3956D46DE8}") = "CapaInfraestructuraComun", "CapaInfraestructuraComun", "{04974E11-AACA-4903-0909-F982AB5F5F65}"
EndProject
Project("{2150E333-8FDC-42A3-9474-1A3956D46DE8}") = "AdminitracionOperacional", "AdminitracionOperacional", "{5508B785-6894-59B4-09E3-3D652605F42B}"
EndProject
Project("{F184B08F-C81C-45F6-A57F-5ABD9991F28F}") = "GEN.Infraestructura", "CapaInfraestructuraComun\AdminitracionOperacional\GEN.Infraestructura\GEN.Infraestructura.vbproj", "{258BF91D-D502-4ED1-BA50-5C4B38F29484}"
EndProject
Project("{2150E333-8FDC-42A3-9474-1A3956D46DE8}") = "ComponenteLogicoAccesoDatos", "ComponenteLogicoAccesoDatos", "{436B7369-65BE-84D6-576F-7A685B38213E}"
EndProject
Project("{2150E333-8FDC-42A3-9474-1A3956D46DE8}") = "ADM", "ADM", "{07554435-E092-08E8-3A19-4BDA117EFFF3}"
EndProject
Project("{F184B08F-C81C-45F6-A57F-5ABD9991F28F}") = "ADM.AccesoDatos", "CapaAccesoDatos\ComponenteLogicoAccesoDatos\ADM\ADM.AccesoDatos\ADM.AccesoDatos.vbproj", "{97EBA738-CA62-45C5-9473-5B9E56DE140A}"
EndProject
Project("{2150E333-8FDC-42A3-9474-1A3956D46DE8}") = "CAJ", "CAJ", "{0BB584EF-7368-1205-388B-C21F3412E296}"
EndProject
Project("{F184B08F-C81C-45F6-A57F-5ABD9991F28F}") = "CAJ.AccesoDatos", "CapaAccesoDatos\ComponenteLogicoAccesoDatos\CAJ\CAJ.AccesoDatos\CAJ.AccesoDatos.vbproj", "{9024E8CF-959B-4F2D-BFBB-645FC08A707E}"
EndProject
Project("{2150E333-8FDC-42A3-9474-1A3956D46DE8}") = "CLI", "CLI", "{42497EA6-9A31-F441-13AF-A118A49E2923}"
EndProject
Project("{F184B08F-C81C-45F6-A57F-5ABD9991F28F}") = "CLI.AccesoDatos", "CapaAccesoDatos\ComponenteLogicoAccesoDatos\CLI\CLI.AccesoDatos\CLI.AccesoDatos.vbproj", "{851E56CE-65EF-4734-A0B6-EDEE07F74AE8}"
EndProject
Project("{2150E333-8FDC-42A3-9474-1A3956D46DE8}") = "CNT", "CNT", "{E142524A-061E-BFBF-7AF0-725F3259B804}"
EndProject
Project("{F184B08F-C81C-45F6-A57F-5ABD9991F28F}") = "CNT.AccesoDatos", "CapaAccesoDatos\ComponenteLogicoAccesoDatos\CNT\CNT.AccesoDatos\CNT.AccesoDatos.vbproj", "{8AF05329-35C1-462E-BFA5-2FB476AA7C65}"
EndProject
Project("{2150E333-8FDC-42A3-9474-1A3956D46DE8}") = "GEN", "GEN", "{0C2D4B84-11EC-3480-B486-F108B9C99347}"
EndProject
Project("{F184B08F-C81C-45F6-A57F-5ABD9991F28F}") = "GEN.AccesoDatos", "CapaAccesoDatos\ComponenteLogicoAccesoDatos\GEN\GEN.AccesoDatos\GEN.AccesoDatos.vbproj", "{35F877B6-26E7-4F4F-B254-EC1D8FE051AD}"
EndProject
Project("{2150E333-8FDC-42A3-9474-1A3956D46DE8}") = "GRH", "GRH", "{2FB031A7-2CB2-A2E6-19A4-E66FD8759E14}"
EndProject
Project("{F184B08F-C81C-45F6-A57F-5ABD9991F28F}") = "GRH.AccesoDatos", "CapaAccesoDatos\ComponenteLogicoAccesoDatos\GRH\GRH.AccesoDatos\GRH.AccesoDatos.vbproj", "{E7C168D3-825A-45F5-906A-156377F4F0D8}"
EndProject
Project("{2150E333-8FDC-42A3-9474-1A3956D46DE8}") = "LOG", "LOG", "{3CC64F09-626B-E18D-BB4E-8327D246E57B}"
EndProject
Project("{F184B08F-C81C-45F6-A57F-5ABD9991F28F}") = "LOG.AccesoDatos", "CapaAccesoDatos\ComponenteLogicoAccesoDatos\LOG\LOG.AccesoDatos\LOG.AccesoDatos.vbproj", "{CE1F5906-49AB-487F-8595-A54036DC5486}"
EndProject
Project("{2150E333-8FDC-42A3-9474-1A3956D46DE8}") = "MLA", "MLA", "{E7955E52-E811-1918-0471-4E40D98D1D7F}"
EndProject
Project("{F184B08F-C81C-45F6-A57F-5ABD9991F28F}") = "MLA.AccesoDatos", "CapaAccesoDatos\ComponenteLogicoAccesoDatos\MLA\MLA.AccesoDatos\MLA.AccesoDatos.vbproj", "{5CEF3D8E-9A8D-4C11-A71C-32F050602CB8}"
EndProject
Project("{2150E333-8FDC-42A3-9474-1A3956D46DE8}") = "PRE", "PRE", "{5B86064B-CC69-1A98-20A1-07EC95125F4B}"
EndProject
Project("{F184B08F-C81C-45F6-A57F-5ABD9991F28F}") = "PRE.AccesoDatos", "CapaAccesoDatos\ComponenteLogicoAccesoDatos\PRE\PRE.AccesoDatos\PRE.AccesoDatos.vbproj", "{A06D2AAB-78BA-4EB2-853F-F3E4532D3404}"
EndProject
Project("{2150E333-8FDC-42A3-9474-1A3956D46DE8}") = "RPT", "RPT", "{B73FDA4B-520B-6426-FD6C-180D86EA1B23}"
EndProject
Project("{F184B08F-C81C-45F6-A57F-5ABD9991F28F}") = "RPT.AccesoDatos", "CapaAccesoDatos\ComponenteLogicoAccesoDatos\RPT\RPT.AccesoDatos\RPT.AccesoDatos.vbproj", "{174EC413-E23B-4234-BA1F-82DDEA850433}"
EndProject
Project("{2150E333-8FDC-42A3-9474-1A3956D46DE8}") = "CapaNegocios", "CapaNegocios", "{C7F53532-D2B1-9841-0252-2BEBCDDD5D92}"
EndProject
Project("{2150E333-8FDC-42A3-9474-1A3956D46DE8}") = "EntidadesEmpresariales", "EntidadesEmpresariales", "{92335476-3BA6-2725-5A01-C6AF2AB73C49}"
EndProject
Project("{2150E333-8FDC-42A3-9474-1A3956D46DE8}") = "ADM", "ADM", "{ABD2F153-5B23-3162-0717-C64C10656AF7}"
EndProject
Project("{F184B08F-C81C-45F6-A57F-5ABD9991F28F}") = "ADM.Entidades", "CapaNegocios\EntidadesEmpresariales\ADM\ADM.Entidades\ADM.Entidades.vbproj", "{0BC19ECF-9570-47B3-9CF4-EBF3948F2C78}"
EndProject
Project("{2150E333-8FDC-42A3-9474-1A3956D46DE8}") = "FlujoTrabajoEmpresariales", "FlujoTrabajoEmpresariales", "{AF92A647-5D97-A553-8EDC-2DC7A65DC111}"
EndProject
Project("{2150E333-8FDC-42A3-9474-1A3956D46DE8}") = "ADM", "ADM", "{B2F1FCBB-E2CB-A6E3-FDC5-7B7F242ACAA7}"
EndProject
Project("{F184B08F-C81C-45F6-A57F-5ABD9991F28F}") = "ADM.FlujoTrabajo", "CapaNegocios\FlujoTrabajoEmpresariales\ADM\ADM.FlujoTrabajo\ADM.FlujoTrabajo.vbproj", "{F2491EE7-553C-4B1B-AF84-C18D01C73872}"
EndProject
Project("{2150E333-8FDC-42A3-9474-1A3956D46DE8}") = "InterfacesServicios", "InterfacesServicios", "{362D2CFB-A811-E625-A6BF-6CAAB12DA731}"
EndProject
Project("{2150E333-8FDC-42A3-9474-1A3956D46DE8}") = "ADM", "ADM", "{0E04BF8E-3BCE-54BE-8F86-4562F0B627D2}"
EndProject
Project("{F184B08F-C81C-45F6-A57F-5ABD9991F28F}") = "ADM.InterfacesServicios", "CapaNegocios\InterfacesServicios\ADM\ADM.InterfacesServicios\ADM.InterfacesServicios.vbproj", "{F6551E52-DDB8-478E-810B-106D3BCF116E}"
EndProject
Project("{2150E333-8FDC-42A3-9474-1A3956D46DE8}") = "CAJ", "CAJ", "{3804AEDE-2C95-BFB6-3DBE-1BA7A697DB77}"
EndProject
Project("{F184B08F-C81C-45F6-A57F-5ABD9991F28F}") = "CAJ.Entidades", "CapaNegocios\EntidadesEmpresariales\CAJ\CAJ.Entidades\CAJ.Entidades.vbproj", "{ADD4DD56-176E-4463-AF6F-642B4CB68E22}"
EndProject
Project("{2150E333-8FDC-42A3-9474-1A3956D46DE8}") = "CAJ", "CAJ", "{B92B798C-000C-54C6-625F-0B0F7858EA82}"
EndProject
Project("{F184B08F-C81C-45F6-A57F-5ABD9991F28F}") = "CAJ.FlujoTrabajo", "CapaNegocios\FlujoTrabajoEmpresariales\CAJ\CAJ.FlujoTrabajo\CAJ.FlujoTrabajo.vbproj", "{DF2BCEF5-5AFD-4EF2-B6E1-85E46DB917EE}"
EndProject
Project("{2150E333-8FDC-42A3-9474-1A3956D46DE8}") = "CAJ", "CAJ", "{259C540A-1E1F-E104-E3ED-E912D81210E7}"
EndProject
Project("{F184B08F-C81C-45F6-A57F-5ABD9991F28F}") = "CAJ.InterfacesServicios", "CapaNegocios\InterfacesServicios\CAJ\CAJ.InterfacesServicios\CAJ.InterfacesServicios.vbproj", "{6405C578-E386-4396-8BB6-9814E2B56A4C}"
EndProject
Project("{2150E333-8FDC-42A3-9474-1A3956D46DE8}") = "CLI", "CLI", "{07FCB905-D6BF-7EB9-F452-4D62449258FA}"
EndProject
Project("{F184B08F-C81C-45F6-A57F-5ABD9991F28F}") = "CLI.Entidades", "CapaNegocios\EntidadesEmpresariales\CLI\CLI.Entidades\CLI.Entidades.vbproj", "{A4259CCE-ACFD-420E-92BD-5DBDB78D5AD2}"
EndProject
Project("{2150E333-8FDC-42A3-9474-1A3956D46DE8}") = "CLI", "CLI", "{169359D4-9A1F-C353-A3CD-EDEBDF17984F}"
EndProject
Project("{F184B08F-C81C-45F6-A57F-5ABD9991F28F}") = "CLI.FlujoTrabajo", "CapaNegocios\FlujoTrabajoEmpresariales\CLI\CLI.FlujoTrabajo\CLI.FlujoTrabajo.vbproj", "{98B127EC-CF15-4066-9446-7547F71568FA}"
EndProject
Project("{2150E333-8FDC-42A3-9474-1A3956D46DE8}") = "CLI", "CLI", "{C7AB1965-42AF-4CB3-D7AE-541D47C3E245}"
EndProject
Project("{F184B08F-C81C-45F6-A57F-5ABD9991F28F}") = "CLI.InterfacesServicios", "CapaNegocios\InterfacesServicios\CLI\CLI.InterfacesServicios\CLI.InterfacesServicios.vbproj", "{374B4DA3-E994-4CFF-8712-72963E8741F2}"
EndProject
Project("{2150E333-8FDC-42A3-9474-1A3956D46DE8}") = "CNT", "CNT", "{A714D229-701A-698F-27BA-0800716ED058}"
EndProject
Project("{F184B08F-C81C-45F6-A57F-5ABD9991F28F}") = "CNT.Entidades", "CapaNegocios\EntidadesEmpresariales\CNT\CNT.Entidades\CNT.Entidades.vbproj", "{93265F64-9776-4392-851C-7294FD7FDE05}"
EndProject
Project("{2150E333-8FDC-42A3-9474-1A3956D46DE8}") = "CNT", "CNT", "{CF36F26E-F9A7-7F44-1E06-75E62D77750F}"
EndProject
Project("{F184B08F-C81C-45F6-A57F-5ABD9991F28F}") = "CNT.FlujoTrabajo", "CapaNegocios\FlujoTrabajoEmpresariales\CNT\CNT.FlujoTrabajo\CNT.FlujoTrabajo.vbproj", "{85269118-8905-497A-A43E-2EC405960A48}"
EndProject
Project("{2150E333-8FDC-42A3-9474-1A3956D46DE8}") = "CNT", "CNT", "{259DACA9-F3FE-2F66-AE8F-C0A207D3189D}"
EndProject
Project("{F184B08F-C81C-45F6-A57F-5ABD9991F28F}") = "CNT.InterfacesServicios", "CapaNegocios\InterfacesServicios\CNT\CNT.InterfacesServicios\CNT.InterfacesServicios.vbproj", "{795608A3-190B-421E-B134-40B7FA8E7163}"
EndProject
Project("{2150E333-8FDC-42A3-9474-1A3956D46DE8}") = "GEN", "GEN", "{9D4D5F7C-DCB0-6BA1-C54D-048C6A19C573}"
EndProject
Project("{F184B08F-C81C-45F6-A57F-5ABD9991F28F}") = "GEN.Entidades", "CapaNegocios\EntidadesEmpresariales\GEN\GEN.Entidades\GEN.Entidades.vbproj", "{8BB0E54F-DC83-4A5E-A57D-AF7595A833AC}"
EndProject
Project("{2150E333-8FDC-42A3-9474-1A3956D46DE8}") = "GEN", "GEN", "{408B655D-6884-EF71-87C9-BF0CB64AE8B3}"
EndProject
Project("{F184B08F-C81C-45F6-A57F-5ABD9991F28F}") = "GEN.FlujoTrabajo", "CapaNegocios\FlujoTrabajoEmpresariales\GEN\GEN.FlujoTrabajo\GEN.FlujoTrabajo.vbproj", "{D78EFE4E-F48C-4397-92F9-644244430466}"
EndProject
Project("{2150E333-8FDC-42A3-9474-1A3956D46DE8}") = "GEN", "GEN", "{5D59646C-37FF-2D1C-450C-42A03F4E7F4F}"
EndProject
Project("{F184B08F-C81C-45F6-A57F-5ABD9991F28F}") = "GEN.InterfacesServicios", "CapaNegocios\InterfacesServicios\GEN\GEN.InterfacesServicios\GEN.InterfacesServicios.vbproj", "{8C717A35-70AC-4B3B-A4BC-D5AF82970ACC}"
EndProject
Project("{2150E333-8FDC-42A3-9474-1A3956D46DE8}") = "GRH", "GRH", "{F58EF58B-768C-B567-32C2-07D9024D8600}"
EndProject
Project("{F184B08F-C81C-45F6-A57F-5ABD9991F28F}") = "GRH.Entidades", "CapaNegocios\EntidadesEmpresariales\GRH\GRH.Entidades\GRH.Entidades.vbproj", "{D6716145-B9BF-4439-8F8E-4ADF5D979D5A}"
EndProject
Project("{2150E333-8FDC-42A3-9474-1A3956D46DE8}") = "GRH", "GRH", "{D9A308CB-E54B-AB4E-1100-0CC59D600E08}"
EndProject
Project("{F184B08F-C81C-45F6-A57F-5ABD9991F28F}") = "GRH.FlujoTrabajo", "CapaNegocios\FlujoTrabajoEmpresariales\GRH\GRH.FlujoTrabajo\GRH.FlujoTrabajo.vbproj", "{8E821724-2045-41D2-B8BE-859857F681D9}"
EndProject
Project("{2150E333-8FDC-42A3-9474-1A3956D46DE8}") = "GRH", "GRH", "{2DD17A8B-2D00-E14C-4549-9D52BD0BD826}"
EndProject
Project("{F184B08F-C81C-45F6-A57F-5ABD9991F28F}") = "GRH.InterfacesServicios", "CapaNegocios\InterfacesServicios\GRH\GRH.InterfacesServicios\GRH.InterfacesServicios.vbproj", "{3E50CAB6-DD33-4172-895B-194FA77064D3}"
EndProject
Project("{2150E333-8FDC-42A3-9474-1A3956D46DE8}") = "LOG", "LOG", "{8622F612-2A38-0CBB-09A4-9238EB5EB376}"
EndProject
Project("{F184B08F-C81C-45F6-A57F-5ABD9991F28F}") = "LOG.Entidades", "CapaNegocios\EntidadesEmpresariales\LOG\LOG.Entidades\LOG.Entidades.vbproj", "{58ABB665-B01F-477F-A602-BF6CE9F92DB4}"
EndProject
Project("{2150E333-8FDC-42A3-9474-1A3956D46DE8}") = "LOG", "LOG", "{B4B702AA-4473-91BE-1ACA-DB5A81941D7B}"
EndProject
Project("{F184B08F-C81C-45F6-A57F-5ABD9991F28F}") = "LOG.FlujoTrabajo", "CapaNegocios\FlujoTrabajoEmpresariales\LOG\LOG.FlujoTrabajo\LOG.FlujoTrabajo.vbproj", "{0DE9F339-56E9-4898-AB7F-A2F3A4597EDA}"
EndProject
Project("{2150E333-8FDC-42A3-9474-1A3956D46DE8}") = "LOG", "LOG", "{BFB5D107-8840-D513-81F5-EB0623A413AD}"
EndProject
Project("{F184B08F-C81C-45F6-A57F-5ABD9991F28F}") = "LOG.InterfacesServicios", "CapaNegocios\InterfacesServicios\LOG\LOG.InterfacesServicios\LOG.InterfacesServicios.vbproj", "{616F0696-B884-4B7C-881B-DD4C5EC8BFC3}"
EndProject
Project("{2150E333-8FDC-42A3-9474-1A3956D46DE8}") = "MLA", "MLA", "{1DF412E5-4350-0145-C827-B8B12A67A58E}"
EndProject
Project("{F184B08F-C81C-45F6-A57F-5ABD9991F28F}") = "MLA.Entidades", "CapaNegocios\EntidadesEmpresariales\MLA\MLA.Entidades\MLA.Entidades.vbproj", "{2D9B6694-3DCD-457B-BE83-8BDED068517E}"
EndProject
Project("{2150E333-8FDC-42A3-9474-1A3956D46DE8}") = "MLA", "MLA", "{5157F259-9689-F056-9ADC-A9FEE98ABD6E}"
EndProject
Project("{F184B08F-C81C-45F6-A57F-5ABD9991F28F}") = "MLA.FlujoTrabajo", "CapaNegocios\FlujoTrabajoEmpresariales\MLA\MLA.FlujoTrabajo\MLA.FlujoTrabajo.vbproj", "{7E03C3F7-8DBE-432B-A6C4-D808DE2D3C57}"
EndProject
Project("{2150E333-8FDC-42A3-9474-1A3956D46DE8}") = "MLA", "MLA", "{FEB473AC-926C-B9CA-5AEA-C10059AE5DC7}"
EndProject
Project("{F184B08F-C81C-45F6-A57F-5ABD9991F28F}") = "MLA.InterfacesServicios", "CapaNegocios\InterfacesServicios\MLA\MLA.InterfacesServicios\MLA.InterfacesServicios.vbproj", "{A8A830A5-F714-4976-8482-67FA748BBBF3}"
EndProject
Project("{2150E333-8FDC-42A3-9474-1A3956D46DE8}") = "PRE", "PRE", "{20987C61-C78F-DF3D-682D-494C708BA050}"
EndProject
Project("{F184B08F-C81C-45F6-A57F-5ABD9991F28F}") = "PRE.Entidades", "CapaNegocios\EntidadesEmpresariales\PRE\PRE.Entidades\PRE.Entidades.vbproj", "{7B4CFA79-4017-4A27-B08E-5757DD7FAF89}"
EndProject
Project("{2150E333-8FDC-42A3-9474-1A3956D46DE8}") = "PRE", "PRE", "{15C64B21-5F56-4D24-CE1E-CF29A04FC2D4}"
EndProject
Project("{F184B08F-C81C-45F6-A57F-5ABD9991F28F}") = "PRE.FlujoTrabajo", "CapaNegocios\FlujoTrabajoEmpresariales\PRE\PRE.FlujoTrabajo\PRE.FlujoTrabajo.vbproj", "{51D32626-D2E7-4743-9DC3-3C57308422FE}"
EndProject
Project("{2150E333-8FDC-42A3-9474-1A3956D46DE8}") = "PRE", "PRE", "{22AE5853-FBDE-6D88-5B57-58A51FDC594A}"
EndProject
Project("{F184B08F-C81C-45F6-A57F-5ABD9991F28F}") = "PRE.InterfacesServicios", "CapaNegocios\InterfacesServicios\PRE\PRE.InterfacesServicios\PRE.InterfacesServicios.vbproj", "{2613A223-AD60-4F0A-AC5D-17C567428511}"
EndProject
Project("{2150E333-8FDC-42A3-9474-1A3956D46DE8}") = "RPT", "RPT", "{156D3501-1C4E-A03F-B261-A59554933BB8}"
EndProject
Project("{F184B08F-C81C-45F6-A57F-5ABD9991F28F}") = "RPT.Entidades", "CapaNegocios\EntidadesEmpresariales\RPT\RPT.Entidades\RPT.Entidades.vbproj", "{177535EE-3F62-490B-A0C6-946C890492CE}"
EndProject
Project("{2150E333-8FDC-42A3-9474-1A3956D46DE8}") = "RPT", "RPT", "{8644FB45-FE28-41CC-23FE-53AF1B34B089}"
EndProject
Project("{F184B08F-C81C-45F6-A57F-5ABD9991F28F}") = "RPT.FlujoTrabajo", "CapaNegocios\FlujoTrabajoEmpresariales\RPT\RPT.FlujoTrabajo\RPT.FlujoTrabajo.vbproj", "{FE8DBA57-8610-47AA-B217-DF93DECC6069}"
EndProject
Project("{2150E333-8FDC-42A3-9474-1A3956D46DE8}") = "CapaPresentacion", "CapaPresentacion", "{400853D4-C990-FF09-C5FD-D7026885E538}"
EndProject
Project("{F184B08F-C81C-45F6-A57F-5ABD9991F28F}") = "CORLAD.API", "CapaPresentacion\CORLAD.API\CORLAD.API.vbproj", "{BE199657-4BC4-46B5-9982-F1804C54514A}"
EndProject
Project("{F184B08F-C81C-45F6-A57F-5ABD9991F28F}") = "CORLAD.Web", "CapaPresentacion\CORLAD.Web\CORLAD.Web.vbproj", "{5671D0DE-9DE4-45C7-9609-7CE77B631E1E}"
EndProject
Project("{2150E333-8FDC-42A3-9474-1A3956D46DE8}") = "RPT", "RPT", "{74E19043-A0D7-CAF1-4D5E-53FA9A17752B}"
EndProject
Project("{F184B08F-C81C-45F6-A57F-5ABD9991F28F}") = "RPT.InterfacesServicios", "CapaNegocios\InterfacesServicios\RPT\RPT.InterfacesServicios\RPT.InterfacesServicios.vbproj", "{B1536732-5D51-4662-B459-E0204736E1B4}"
EndProject
Global
	GlobalSection(SolutionConfigurationPlatforms) = preSolution
		Debug|Any CPU = Debug|Any CPU
		Debug|x64 = Debug|x64
		Debug|x86 = Debug|x86
		Release|Any CPU = Release|Any CPU
		Release|x64 = Release|x64
		Release|x86 = Release|x86
	EndGlobalSection
	GlobalSection(ProjectConfigurationPlatforms) = postSolution
		{847361A7-AE17-45C5-AB76-9D32C48D80A9}.Debug|Any CPU.ActiveCfg = Debug|Any CPU
		{847361A7-AE17-45C5-AB76-9D32C48D80A9}.Debug|Any CPU.Build.0 = Debug|Any CPU
		{847361A7-AE17-45C5-AB76-9D32C48D80A9}.Debug|x64.ActiveCfg = Debug|Any CPU
		{847361A7-AE17-45C5-AB76-9D32C48D80A9}.Debug|x64.Build.0 = Debug|Any CPU
		{847361A7-AE17-45C5-AB76-9D32C48D80A9}.Debug|x86.ActiveCfg = Debug|Any CPU
		{847361A7-AE17-45C5-AB76-9D32C48D80A9}.Debug|x86.Build.0 = Debug|Any CPU
		{847361A7-AE17-45C5-AB76-9D32C48D80A9}.Release|Any CPU.ActiveCfg = Release|Any CPU
		{847361A7-AE17-45C5-AB76-9D32C48D80A9}.Release|Any CPU.Build.0 = Release|Any CPU
		{847361A7-AE17-45C5-AB76-9D32C48D80A9}.Release|x64.ActiveCfg = Release|Any CPU
		{847361A7-AE17-45C5-AB76-9D32C48D80A9}.Release|x64.Build.0 = Release|Any CPU
		{847361A7-AE17-45C5-AB76-9D32C48D80A9}.Release|x86.ActiveCfg = Release|Any CPU
		{847361A7-AE17-45C5-AB76-9D32C48D80A9}.Release|x86.Build.0 = Release|Any CPU
		{258BF91D-D502-4ED1-BA50-5C4B38F29484}.Debug|Any CPU.ActiveCfg = Debug|Any CPU
		{258BF91D-D502-4ED1-BA50-5C4B38F29484}.Debug|Any CPU.Build.0 = Debug|Any CPU
		{258BF91D-D502-4ED1-BA50-5C4B38F29484}.Debug|x64.ActiveCfg = Debug|Any CPU
		{258BF91D-D502-4ED1-BA50-5C4B38F29484}.Debug|x64.Build.0 = Debug|Any CPU
		{258BF91D-D502-4ED1-BA50-5C4B38F29484}.Debug|x86.ActiveCfg = Debug|Any CPU
		{258BF91D-D502-4ED1-BA50-5C4B38F29484}.Debug|x86.Build.0 = Debug|Any CPU
		{258BF91D-D502-4ED1-BA50-5C4B38F29484}.Release|Any CPU.ActiveCfg = Release|Any CPU
		{258BF91D-D502-4ED1-BA50-5C4B38F29484}.Release|Any CPU.Build.0 = Release|Any CPU
		{258BF91D-D502-4ED1-BA50-5C4B38F29484}.Release|x64.ActiveCfg = Release|Any CPU
		{258BF91D-D502-4ED1-BA50-5C4B38F29484}.Release|x64.Build.0 = Release|Any CPU
		{258BF91D-D502-4ED1-BA50-5C4B38F29484}.Release|x86.ActiveCfg = Release|Any CPU
		{258BF91D-D502-4ED1-BA50-5C4B38F29484}.Release|x86.Build.0 = Release|Any CPU
		{97EBA738-CA62-45C5-9473-5B9E56DE140A}.Debug|Any CPU.ActiveCfg = Debug|Any CPU
		{97EBA738-CA62-45C5-9473-5B9E56DE140A}.Debug|Any CPU.Build.0 = Debug|Any CPU
		{97EBA738-CA62-45C5-9473-5B9E56DE140A}.Debug|x64.ActiveCfg = Debug|Any CPU
		{97EBA738-CA62-45C5-9473-5B9E56DE140A}.Debug|x64.Build.0 = Debug|Any CPU
		{97EBA738-CA62-45C5-9473-5B9E56DE140A}.Debug|x86.ActiveCfg = Debug|Any CPU
		{97EBA738-CA62-45C5-9473-5B9E56DE140A}.Debug|x86.Build.0 = Debug|Any CPU
		{97EBA738-CA62-45C5-9473-5B9E56DE140A}.Release|Any CPU.ActiveCfg = Release|Any CPU
		{97EBA738-CA62-45C5-9473-5B9E56DE140A}.Release|Any CPU.Build.0 = Release|Any CPU
		{97EBA738-CA62-45C5-9473-5B9E56DE140A}.Release|x64.ActiveCfg = Release|Any CPU
		{97EBA738-CA62-45C5-9473-5B9E56DE140A}.Release|x64.Build.0 = Release|Any CPU
		{97EBA738-CA62-45C5-9473-5B9E56DE140A}.Release|x86.ActiveCfg = Release|Any CPU
		{97EBA738-CA62-45C5-9473-5B9E56DE140A}.Release|x86.Build.0 = Release|Any CPU
		{9024E8CF-959B-4F2D-BFBB-645FC08A707E}.Debug|Any CPU.ActiveCfg = Debug|Any CPU
		{9024E8CF-959B-4F2D-BFBB-645FC08A707E}.Debug|Any CPU.Build.0 = Debug|Any CPU
		{9024E8CF-959B-4F2D-BFBB-645FC08A707E}.Debug|x64.ActiveCfg = Debug|Any CPU
		{9024E8CF-959B-4F2D-BFBB-645FC08A707E}.Debug|x64.Build.0 = Debug|Any CPU
		{9024E8CF-959B-4F2D-BFBB-645FC08A707E}.Debug|x86.ActiveCfg = Debug|Any CPU
		{9024E8CF-959B-4F2D-BFBB-645FC08A707E}.Debug|x86.Build.0 = Debug|Any CPU
		{9024E8CF-959B-4F2D-BFBB-645FC08A707E}.Release|Any CPU.ActiveCfg = Release|Any CPU
		{9024E8CF-959B-4F2D-BFBB-645FC08A707E}.Release|Any CPU.Build.0 = Release|Any CPU
		{9024E8CF-959B-4F2D-BFBB-645FC08A707E}.Release|x64.ActiveCfg = Release|Any CPU
		{9024E8CF-959B-4F2D-BFBB-645FC08A707E}.Release|x64.Build.0 = Release|Any CPU
		{9024E8CF-959B-4F2D-BFBB-645FC08A707E}.Release|x86.ActiveCfg = Release|Any CPU
		{9024E8CF-959B-4F2D-BFBB-645FC08A707E}.Release|x86.Build.0 = Release|Any CPU
		{851E56CE-65EF-4734-A0B6-EDEE07F74AE8}.Debug|Any CPU.ActiveCfg = Debug|Any CPU
		{851E56CE-65EF-4734-A0B6-EDEE07F74AE8}.Debug|Any CPU.Build.0 = Debug|Any CPU
		{851E56CE-65EF-4734-A0B6-EDEE07F74AE8}.Debug|x64.ActiveCfg = Debug|Any CPU
		{851E56CE-65EF-4734-A0B6-EDEE07F74AE8}.Debug|x64.Build.0 = Debug|Any CPU
		{851E56CE-65EF-4734-A0B6-EDEE07F74AE8}.Debug|x86.ActiveCfg = Debug|Any CPU
		{851E56CE-65EF-4734-A0B6-EDEE07F74AE8}.Debug|x86.Build.0 = Debug|Any CPU
		{851E56CE-65EF-4734-A0B6-EDEE07F74AE8}.Release|Any CPU.ActiveCfg = Release|Any CPU
		{851E56CE-65EF-4734-A0B6-EDEE07F74AE8}.Release|Any CPU.Build.0 = Release|Any CPU
		{851E56CE-65EF-4734-A0B6-EDEE07F74AE8}.Release|x64.ActiveCfg = Release|Any CPU
		{851E56CE-65EF-4734-A0B6-EDEE07F74AE8}.Release|x64.Build.0 = Release|Any CPU
		{851E56CE-65EF-4734-A0B6-EDEE07F74AE8}.Release|x86.ActiveCfg = Release|Any CPU
		{851E56CE-65EF-4734-A0B6-EDEE07F74AE8}.Release|x86.Build.0 = Release|Any CPU
		{8AF05329-35C1-462E-BFA5-2FB476AA7C65}.Debug|Any CPU.ActiveCfg = Debug|Any CPU
		{8AF05329-35C1-462E-BFA5-2FB476AA7C65}.Debug|Any CPU.Build.0 = Debug|Any CPU
		{8AF05329-35C1-462E-BFA5-2FB476AA7C65}.Debug|x64.ActiveCfg = Debug|Any CPU
		{8AF05329-35C1-462E-BFA5-2FB476AA7C65}.Debug|x64.Build.0 = Debug|Any CPU
		{8AF05329-35C1-462E-BFA5-2FB476AA7C65}.Debug|x86.ActiveCfg = Debug|Any CPU
		{8AF05329-35C1-462E-BFA5-2FB476AA7C65}.Debug|x86.Build.0 = Debug|Any CPU
		{8AF05329-35C1-462E-BFA5-2FB476AA7C65}.Release|Any CPU.ActiveCfg = Release|Any CPU
		{8AF05329-35C1-462E-BFA5-2FB476AA7C65}.Release|Any CPU.Build.0 = Release|Any CPU
		{8AF05329-35C1-462E-BFA5-2FB476AA7C65}.Release|x64.ActiveCfg = Release|Any CPU
		{8AF05329-35C1-462E-BFA5-2FB476AA7C65}.Release|x64.Build.0 = Release|Any CPU
		{8AF05329-35C1-462E-BFA5-2FB476AA7C65}.Release|x86.ActiveCfg = Release|Any CPU
		{8AF05329-35C1-462E-BFA5-2FB476AA7C65}.Release|x86.Build.0 = Release|Any CPU
		{35F877B6-26E7-4F4F-B254-EC1D8FE051AD}.Debug|Any CPU.ActiveCfg = Debug|Any CPU
		{35F877B6-26E7-4F4F-B254-EC1D8FE051AD}.Debug|Any CPU.Build.0 = Debug|Any CPU
		{35F877B6-26E7-4F4F-B254-EC1D8FE051AD}.Debug|x64.ActiveCfg = Debug|Any CPU
		{35F877B6-26E7-4F4F-B254-EC1D8FE051AD}.Debug|x64.Build.0 = Debug|Any CPU
		{35F877B6-26E7-4F4F-B254-EC1D8FE051AD}.Debug|x86.ActiveCfg = Debug|Any CPU
		{35F877B6-26E7-4F4F-B254-EC1D8FE051AD}.Debug|x86.Build.0 = Debug|Any CPU
		{35F877B6-26E7-4F4F-B254-EC1D8FE051AD}.Release|Any CPU.ActiveCfg = Release|Any CPU
		{35F877B6-26E7-4F4F-B254-EC1D8FE051AD}.Release|Any CPU.Build.0 = Release|Any CPU
		{35F877B6-26E7-4F4F-B254-EC1D8FE051AD}.Release|x64.ActiveCfg = Release|Any CPU
		{35F877B6-26E7-4F4F-B254-EC1D8FE051AD}.Release|x64.Build.0 = Release|Any CPU
		{35F877B6-26E7-4F4F-B254-EC1D8FE051AD}.Release|x86.ActiveCfg = Release|Any CPU
		{35F877B6-26E7-4F4F-B254-EC1D8FE051AD}.Release|x86.Build.0 = Release|Any CPU
		{E7C168D3-825A-45F5-906A-156377F4F0D8}.Debug|Any CPU.ActiveCfg = Debug|Any CPU
		{E7C168D3-825A-45F5-906A-156377F4F0D8}.Debug|Any CPU.Build.0 = Debug|Any CPU
		{E7C168D3-825A-45F5-906A-156377F4F0D8}.Debug|x64.ActiveCfg = Debug|Any CPU
		{E7C168D3-825A-45F5-906A-156377F4F0D8}.Debug|x64.Build.0 = Debug|Any CPU
		{E7C168D3-825A-45F5-906A-156377F4F0D8}.Debug|x86.ActiveCfg = Debug|Any CPU
		{E7C168D3-825A-45F5-906A-156377F4F0D8}.Debug|x86.Build.0 = Debug|Any CPU
		{E7C168D3-825A-45F5-906A-156377F4F0D8}.Release|Any CPU.ActiveCfg = Release|Any CPU
		{E7C168D3-825A-45F5-906A-156377F4F0D8}.Release|Any CPU.Build.0 = Release|Any CPU
		{E7C168D3-825A-45F5-906A-156377F4F0D8}.Release|x64.ActiveCfg = Release|Any CPU
		{E7C168D3-825A-45F5-906A-156377F4F0D8}.Release|x64.Build.0 = Release|Any CPU
		{E7C168D3-825A-45F5-906A-156377F4F0D8}.Release|x86.ActiveCfg = Release|Any CPU
		{E7C168D3-825A-45F5-906A-156377F4F0D8}.Release|x86.Build.0 = Release|Any CPU
		{CE1F5906-49AB-487F-8595-A54036DC5486}.Debug|Any CPU.ActiveCfg = Debug|Any CPU
		{CE1F5906-49AB-487F-8595-A54036DC5486}.Debug|Any CPU.Build.0 = Debug|Any CPU
		{CE1F5906-49AB-487F-8595-A54036DC5486}.Debug|x64.ActiveCfg = Debug|Any CPU
		{CE1F5906-49AB-487F-8595-A54036DC5486}.Debug|x64.Build.0 = Debug|Any CPU
		{CE1F5906-49AB-487F-8595-A54036DC5486}.Debug|x86.ActiveCfg = Debug|Any CPU
		{CE1F5906-49AB-487F-8595-A54036DC5486}.Debug|x86.Build.0 = Debug|Any CPU
		{CE1F5906-49AB-487F-8595-A54036DC5486}.Release|Any CPU.ActiveCfg = Release|Any CPU
		{CE1F5906-49AB-487F-8595-A54036DC5486}.Release|Any CPU.Build.0 = Release|Any CPU
		{CE1F5906-49AB-487F-8595-A54036DC5486}.Release|x64.ActiveCfg = Release|Any CPU
		{CE1F5906-49AB-487F-8595-A54036DC5486}.Release|x64.Build.0 = Release|Any CPU
		{CE1F5906-49AB-487F-8595-A54036DC5486}.Release|x86.ActiveCfg = Release|Any CPU
		{CE1F5906-49AB-487F-8595-A54036DC5486}.Release|x86.Build.0 = Release|Any CPU
		{5CEF3D8E-9A8D-4C11-A71C-32F050602CB8}.Debug|Any CPU.ActiveCfg = Debug|Any CPU
		{5CEF3D8E-9A8D-4C11-A71C-32F050602CB8}.Debug|Any CPU.Build.0 = Debug|Any CPU
		{5CEF3D8E-9A8D-4C11-A71C-32F050602CB8}.Debug|x64.ActiveCfg = Debug|Any CPU
		{5CEF3D8E-9A8D-4C11-A71C-32F050602CB8}.Debug|x64.Build.0 = Debug|Any CPU
		{5CEF3D8E-9A8D-4C11-A71C-32F050602CB8}.Debug|x86.ActiveCfg = Debug|Any CPU
		{5CEF3D8E-9A8D-4C11-A71C-32F050602CB8}.Debug|x86.Build.0 = Debug|Any CPU
		{5CEF3D8E-9A8D-4C11-A71C-32F050602CB8}.Release|Any CPU.ActiveCfg = Release|Any CPU
		{5CEF3D8E-9A8D-4C11-A71C-32F050602CB8}.Release|Any CPU.Build.0 = Release|Any CPU
		{5CEF3D8E-9A8D-4C11-A71C-32F050602CB8}.Release|x64.ActiveCfg = Release|Any CPU
		{5CEF3D8E-9A8D-4C11-A71C-32F050602CB8}.Release|x64.Build.0 = Release|Any CPU
		{5CEF3D8E-9A8D-4C11-A71C-32F050602CB8}.Release|x86.ActiveCfg = Release|Any CPU
		{5CEF3D8E-9A8D-4C11-A71C-32F050602CB8}.Release|x86.Build.0 = Release|Any CPU
		{A06D2AAB-78BA-4EB2-853F-F3E4532D3404}.Debug|Any CPU.ActiveCfg = Debug|Any CPU
		{A06D2AAB-78BA-4EB2-853F-F3E4532D3404}.Debug|Any CPU.Build.0 = Debug|Any CPU
		{A06D2AAB-78BA-4EB2-853F-F3E4532D3404}.Debug|x64.ActiveCfg = Debug|Any CPU
		{A06D2AAB-78BA-4EB2-853F-F3E4532D3404}.Debug|x64.Build.0 = Debug|Any CPU
		{A06D2AAB-78BA-4EB2-853F-F3E4532D3404}.Debug|x86.ActiveCfg = Debug|Any CPU
		{A06D2AAB-78BA-4EB2-853F-F3E4532D3404}.Debug|x86.Build.0 = Debug|Any CPU
		{A06D2AAB-78BA-4EB2-853F-F3E4532D3404}.Release|Any CPU.ActiveCfg = Release|Any CPU
		{A06D2AAB-78BA-4EB2-853F-F3E4532D3404}.Release|Any CPU.Build.0 = Release|Any CPU
		{A06D2AAB-78BA-4EB2-853F-F3E4532D3404}.Release|x64.ActiveCfg = Release|Any CPU
		{A06D2AAB-78BA-4EB2-853F-F3E4532D3404}.Release|x64.Build.0 = Release|Any CPU
		{A06D2AAB-78BA-4EB2-853F-F3E4532D3404}.Release|x86.ActiveCfg = Release|Any CPU
		{A06D2AAB-78BA-4EB2-853F-F3E4532D3404}.Release|x86.Build.0 = Release|Any CPU
		{174EC413-E23B-4234-BA1F-82DDEA850433}.Debug|Any CPU.ActiveCfg = Debug|Any CPU
		{174EC413-E23B-4234-BA1F-82DDEA850433}.Debug|Any CPU.Build.0 = Debug|Any CPU
		{174EC413-E23B-4234-BA1F-82DDEA850433}.Debug|x64.ActiveCfg = Debug|Any CPU
		{174EC413-E23B-4234-BA1F-82DDEA850433}.Debug|x64.Build.0 = Debug|Any CPU
		{174EC413-E23B-4234-BA1F-82DDEA850433}.Debug|x86.ActiveCfg = Debug|Any CPU
		{174EC413-E23B-4234-BA1F-82DDEA850433}.Debug|x86.Build.0 = Debug|Any CPU
		{174EC413-E23B-4234-BA1F-82DDEA850433}.Release|Any CPU.ActiveCfg = Release|Any CPU
		{174EC413-E23B-4234-BA1F-82DDEA850433}.Release|Any CPU.Build.0 = Release|Any CPU
		{174EC413-E23B-4234-BA1F-82DDEA850433}.Release|x64.ActiveCfg = Release|Any CPU
		{174EC413-E23B-4234-BA1F-82DDEA850433}.Release|x64.Build.0 = Release|Any CPU
		{174EC413-E23B-4234-BA1F-82DDEA850433}.Release|x86.ActiveCfg = Release|Any CPU
		{174EC413-E23B-4234-BA1F-82DDEA850433}.Release|x86.Build.0 = Release|Any CPU
		{0BC19ECF-9570-47B3-9CF4-EBF3948F2C78}.Debug|Any CPU.ActiveCfg = Debug|Any CPU
		{0BC19ECF-9570-47B3-9CF4-EBF3948F2C78}.Debug|Any CPU.Build.0 = Debug|Any CPU
		{0BC19ECF-9570-47B3-9CF4-EBF3948F2C78}.Debug|x64.ActiveCfg = Debug|Any CPU
		{0BC19ECF-9570-47B3-9CF4-EBF3948F2C78}.Debug|x64.Build.0 = Debug|Any CPU
		{0BC19ECF-9570-47B3-9CF4-EBF3948F2C78}.Debug|x86.ActiveCfg = Debug|Any CPU
		{0BC19ECF-9570-47B3-9CF4-EBF3948F2C78}.Debug|x86.Build.0 = Debug|Any CPU
		{0BC19ECF-9570-47B3-9CF4-EBF3948F2C78}.Release|Any CPU.ActiveCfg = Release|Any CPU
		{0BC19ECF-9570-47B3-9CF4-EBF3948F2C78}.Release|Any CPU.Build.0 = Release|Any CPU
		{0BC19ECF-9570-47B3-9CF4-EBF3948F2C78}.Release|x64.ActiveCfg = Release|Any CPU
		{0BC19ECF-9570-47B3-9CF4-EBF3948F2C78}.Release|x64.Build.0 = Release|Any CPU
		{0BC19ECF-9570-47B3-9CF4-EBF3948F2C78}.Release|x86.ActiveCfg = Release|Any CPU
		{0BC19ECF-9570-47B3-9CF4-EBF3948F2C78}.Release|x86.Build.0 = Release|Any CPU
		{F2491EE7-553C-4B1B-AF84-C18D01C73872}.Debug|Any CPU.ActiveCfg = Debug|Any CPU
		{F2491EE7-553C-4B1B-AF84-C18D01C73872}.Debug|Any CPU.Build.0 = Debug|Any CPU
		{F2491EE7-553C-4B1B-AF84-C18D01C73872}.Debug|x64.ActiveCfg = Debug|Any CPU
		{F2491EE7-553C-4B1B-AF84-C18D01C73872}.Debug|x64.Build.0 = Debug|Any CPU
		{F2491EE7-553C-4B1B-AF84-C18D01C73872}.Debug|x86.ActiveCfg = Debug|Any CPU
		{F2491EE7-553C-4B1B-AF84-C18D01C73872}.Debug|x86.Build.0 = Debug|Any CPU
		{F2491EE7-553C-4B1B-AF84-C18D01C73872}.Release|Any CPU.ActiveCfg = Release|Any CPU
		{F2491EE7-553C-4B1B-AF84-C18D01C73872}.Release|Any CPU.Build.0 = Release|Any CPU
		{F2491EE7-553C-4B1B-AF84-C18D01C73872}.Release|x64.ActiveCfg = Release|Any CPU
		{F2491EE7-553C-4B1B-AF84-C18D01C73872}.Release|x64.Build.0 = Release|Any CPU
		{F2491EE7-553C-4B1B-AF84-C18D01C73872}.Release|x86.ActiveCfg = Release|Any CPU
		{F2491EE7-553C-4B1B-AF84-C18D01C73872}.Release|x86.Build.0 = Release|Any CPU
		{F6551E52-DDB8-478E-810B-106D3BCF116E}.Debug|Any CPU.ActiveCfg = Debug|Any CPU
		{F6551E52-DDB8-478E-810B-106D3BCF116E}.Debug|Any CPU.Build.0 = Debug|Any CPU
		{F6551E52-DDB8-478E-810B-106D3BCF116E}.Debug|x64.ActiveCfg = Debug|Any CPU
		{F6551E52-DDB8-478E-810B-106D3BCF116E}.Debug|x64.Build.0 = Debug|Any CPU
		{F6551E52-DDB8-478E-810B-106D3BCF116E}.Debug|x86.ActiveCfg = Debug|Any CPU
		{F6551E52-DDB8-478E-810B-106D3BCF116E}.Debug|x86.Build.0 = Debug|Any CPU
		{F6551E52-DDB8-478E-810B-106D3BCF116E}.Release|Any CPU.ActiveCfg = Release|Any CPU
		{F6551E52-DDB8-478E-810B-106D3BCF116E}.Release|Any CPU.Build.0 = Release|Any CPU
		{F6551E52-DDB8-478E-810B-106D3BCF116E}.Release|x64.ActiveCfg = Release|Any CPU
		{F6551E52-DDB8-478E-810B-106D3BCF116E}.Release|x64.Build.0 = Release|Any CPU
		{F6551E52-DDB8-478E-810B-106D3BCF116E}.Release|x86.ActiveCfg = Release|Any CPU
		{F6551E52-DDB8-478E-810B-106D3BCF116E}.Release|x86.Build.0 = Release|Any CPU
		{ADD4DD56-176E-4463-AF6F-642B4CB68E22}.Debug|Any CPU.ActiveCfg = Debug|Any CPU
		{ADD4DD56-176E-4463-AF6F-642B4CB68E22}.Debug|Any CPU.Build.0 = Debug|Any CPU
		{ADD4DD56-176E-4463-AF6F-642B4CB68E22}.Debug|x64.ActiveCfg = Debug|Any CPU
		{ADD4DD56-176E-4463-AF6F-642B4CB68E22}.Debug|x64.Build.0 = Debug|Any CPU
		{ADD4DD56-176E-4463-AF6F-642B4CB68E22}.Debug|x86.ActiveCfg = Debug|Any CPU
		{ADD4DD56-176E-4463-AF6F-642B4CB68E22}.Debug|x86.Build.0 = Debug|Any CPU
		{ADD4DD56-176E-4463-AF6F-642B4CB68E22}.Release|Any CPU.ActiveCfg = Release|Any CPU
		{ADD4DD56-176E-4463-AF6F-642B4CB68E22}.Release|Any CPU.Build.0 = Release|Any CPU
		{ADD4DD56-176E-4463-AF6F-642B4CB68E22}.Release|x64.ActiveCfg = Release|Any CPU
		{ADD4DD56-176E-4463-AF6F-642B4CB68E22}.Release|x64.Build.0 = Release|Any CPU
		{ADD4DD56-176E-4463-AF6F-642B4CB68E22}.Release|x86.ActiveCfg = Release|Any CPU
		{ADD4DD56-176E-4463-AF6F-642B4CB68E22}.Release|x86.Build.0 = Release|Any CPU
		{DF2BCEF5-5AFD-4EF2-B6E1-85E46DB917EE}.Debug|Any CPU.ActiveCfg = Debug|Any CPU
		{DF2BCEF5-5AFD-4EF2-B6E1-85E46DB917EE}.Debug|Any CPU.Build.0 = Debug|Any CPU
		{DF2BCEF5-5AFD-4EF2-B6E1-85E46DB917EE}.Debug|x64.ActiveCfg = Debug|Any CPU
		{DF2BCEF5-5AFD-4EF2-B6E1-85E46DB917EE}.Debug|x64.Build.0 = Debug|Any CPU
		{DF2BCEF5-5AFD-4EF2-B6E1-85E46DB917EE}.Debug|x86.ActiveCfg = Debug|Any CPU
		{DF2BCEF5-5AFD-4EF2-B6E1-85E46DB917EE}.Debug|x86.Build.0 = Debug|Any CPU
		{DF2BCEF5-5AFD-4EF2-B6E1-85E46DB917EE}.Release|Any CPU.ActiveCfg = Release|Any CPU
		{DF2BCEF5-5AFD-4EF2-B6E1-85E46DB917EE}.Release|Any CPU.Build.0 = Release|Any CPU
		{DF2BCEF5-5AFD-4EF2-B6E1-85E46DB917EE}.Release|x64.ActiveCfg = Release|Any CPU
		{DF2BCEF5-5AFD-4EF2-B6E1-85E46DB917EE}.Release|x64.Build.0 = Release|Any CPU
		{DF2BCEF5-5AFD-4EF2-B6E1-85E46DB917EE}.Release|x86.ActiveCfg = Release|Any CPU
		{DF2BCEF5-5AFD-4EF2-B6E1-85E46DB917EE}.Release|x86.Build.0 = Release|Any CPU
		{6405C578-E386-4396-8BB6-9814E2B56A4C}.Debug|Any CPU.ActiveCfg = Debug|Any CPU
		{6405C578-E386-4396-8BB6-9814E2B56A4C}.Debug|Any CPU.Build.0 = Debug|Any CPU
		{6405C578-E386-4396-8BB6-9814E2B56A4C}.Debug|x64.ActiveCfg = Debug|Any CPU
		{6405C578-E386-4396-8BB6-9814E2B56A4C}.Debug|x64.Build.0 = Debug|Any CPU
		{6405C578-E386-4396-8BB6-9814E2B56A4C}.Debug|x86.ActiveCfg = Debug|Any CPU
		{6405C578-E386-4396-8BB6-9814E2B56A4C}.Debug|x86.Build.0 = Debug|Any CPU
		{6405C578-E386-4396-8BB6-9814E2B56A4C}.Release|Any CPU.ActiveCfg = Release|Any CPU
		{6405C578-E386-4396-8BB6-9814E2B56A4C}.Release|Any CPU.Build.0 = Release|Any CPU
		{6405C578-E386-4396-8BB6-9814E2B56A4C}.Release|x64.ActiveCfg = Release|Any CPU
		{6405C578-E386-4396-8BB6-9814E2B56A4C}.Release|x64.Build.0 = Release|Any CPU
		{6405C578-E386-4396-8BB6-9814E2B56A4C}.Release|x86.ActiveCfg = Release|Any CPU
		{6405C578-E386-4396-8BB6-9814E2B56A4C}.Release|x86.Build.0 = Release|Any CPU
		{A4259CCE-ACFD-420E-92BD-5DBDB78D5AD2}.Debug|Any CPU.ActiveCfg = Debug|Any CPU
		{A4259CCE-ACFD-420E-92BD-5DBDB78D5AD2}.Debug|Any CPU.Build.0 = Debug|Any CPU
		{A4259CCE-ACFD-420E-92BD-5DBDB78D5AD2}.Debug|x64.ActiveCfg = Debug|Any CPU
		{A4259CCE-ACFD-420E-92BD-5DBDB78D5AD2}.Debug|x64.Build.0 = Debug|Any CPU
		{A4259CCE-ACFD-420E-92BD-5DBDB78D5AD2}.Debug|x86.ActiveCfg = Debug|Any CPU
		{A4259CCE-ACFD-420E-92BD-5DBDB78D5AD2}.Debug|x86.Build.0 = Debug|Any CPU
		{A4259CCE-ACFD-420E-92BD-5DBDB78D5AD2}.Release|Any CPU.ActiveCfg = Release|Any CPU
		{A4259CCE-ACFD-420E-92BD-5DBDB78D5AD2}.Release|Any CPU.Build.0 = Release|Any CPU
		{A4259CCE-ACFD-420E-92BD-5DBDB78D5AD2}.Release|x64.ActiveCfg = Release|Any CPU
		{A4259CCE-ACFD-420E-92BD-5DBDB78D5AD2}.Release|x64.Build.0 = Release|Any CPU
		{A4259CCE-ACFD-420E-92BD-5DBDB78D5AD2}.Release|x86.ActiveCfg = Release|Any CPU
		{A4259CCE-ACFD-420E-92BD-5DBDB78D5AD2}.Release|x86.Build.0 = Release|Any CPU
		{98B127EC-CF15-4066-9446-7547F71568FA}.Debug|Any CPU.ActiveCfg = Debug|Any CPU
		{98B127EC-CF15-4066-9446-7547F71568FA}.Debug|Any CPU.Build.0 = Debug|Any CPU
		{98B127EC-CF15-4066-9446-7547F71568FA}.Debug|x64.ActiveCfg = Debug|Any CPU
		{98B127EC-CF15-4066-9446-7547F71568FA}.Debug|x64.Build.0 = Debug|Any CPU
		{98B127EC-CF15-4066-9446-7547F71568FA}.Debug|x86.ActiveCfg = Debug|Any CPU
		{98B127EC-CF15-4066-9446-7547F71568FA}.Debug|x86.Build.0 = Debug|Any CPU
		{98B127EC-CF15-4066-9446-7547F71568FA}.Release|Any CPU.ActiveCfg = Release|Any CPU
		{98B127EC-CF15-4066-9446-7547F71568FA}.Release|Any CPU.Build.0 = Release|Any CPU
		{98B127EC-CF15-4066-9446-7547F71568FA}.Release|x64.ActiveCfg = Release|Any CPU
		{98B127EC-CF15-4066-9446-7547F71568FA}.Release|x64.Build.0 = Release|Any CPU
		{98B127EC-CF15-4066-9446-7547F71568FA}.Release|x86.ActiveCfg = Release|Any CPU
		{98B127EC-CF15-4066-9446-7547F71568FA}.Release|x86.Build.0 = Release|Any CPU
		{374B4DA3-E994-4CFF-8712-72963E8741F2}.Debug|Any CPU.ActiveCfg = Debug|Any CPU
		{374B4DA3-E994-4CFF-8712-72963E8741F2}.Debug|Any CPU.Build.0 = Debug|Any CPU
		{374B4DA3-E994-4CFF-8712-72963E8741F2}.Debug|x64.ActiveCfg = Debug|Any CPU
		{374B4DA3-E994-4CFF-8712-72963E8741F2}.Debug|x64.Build.0 = Debug|Any CPU
		{374B4DA3-E994-4CFF-8712-72963E8741F2}.Debug|x86.ActiveCfg = Debug|Any CPU
		{374B4DA3-E994-4CFF-8712-72963E8741F2}.Debug|x86.Build.0 = Debug|Any CPU
		{374B4DA3-E994-4CFF-8712-72963E8741F2}.Release|Any CPU.ActiveCfg = Release|Any CPU
		{374B4DA3-E994-4CFF-8712-72963E8741F2}.Release|Any CPU.Build.0 = Release|Any CPU
		{374B4DA3-E994-4CFF-8712-72963E8741F2}.Release|x64.ActiveCfg = Release|Any CPU
		{374B4DA3-E994-4CFF-8712-72963E8741F2}.Release|x64.Build.0 = Release|Any CPU
		{374B4DA3-E994-4CFF-8712-72963E8741F2}.Release|x86.ActiveCfg = Release|Any CPU
		{374B4DA3-E994-4CFF-8712-72963E8741F2}.Release|x86.Build.0 = Release|Any CPU
		{93265F64-9776-4392-851C-7294FD7FDE05}.Debug|Any CPU.ActiveCfg = Debug|Any CPU
		{93265F64-9776-4392-851C-7294FD7FDE05}.Debug|Any CPU.Build.0 = Debug|Any CPU
		{93265F64-9776-4392-851C-7294FD7FDE05}.Debug|x64.ActiveCfg = Debug|Any CPU
		{93265F64-9776-4392-851C-7294FD7FDE05}.Debug|x64.Build.0 = Debug|Any CPU
		{93265F64-9776-4392-851C-7294FD7FDE05}.Debug|x86.ActiveCfg = Debug|Any CPU
		{93265F64-9776-4392-851C-7294FD7FDE05}.Debug|x86.Build.0 = Debug|Any CPU
		{93265F64-9776-4392-851C-7294FD7FDE05}.Release|Any CPU.ActiveCfg = Release|Any CPU
		{93265F64-9776-4392-851C-7294FD7FDE05}.Release|Any CPU.Build.0 = Release|Any CPU
		{93265F64-9776-4392-851C-7294FD7FDE05}.Release|x64.ActiveCfg = Release|Any CPU
		{93265F64-9776-4392-851C-7294FD7FDE05}.Release|x64.Build.0 = Release|Any CPU
		{93265F64-9776-4392-851C-7294FD7FDE05}.Release|x86.ActiveCfg = Release|Any CPU
		{93265F64-9776-4392-851C-7294FD7FDE05}.Release|x86.Build.0 = Release|Any CPU
		{85269118-8905-497A-A43E-2EC405960A48}.Debug|Any CPU.ActiveCfg = Debug|Any CPU
		{85269118-8905-497A-A43E-2EC405960A48}.Debug|Any CPU.Build.0 = Debug|Any CPU
		{85269118-8905-497A-A43E-2EC405960A48}.Debug|x64.ActiveCfg = Debug|Any CPU
		{85269118-8905-497A-A43E-2EC405960A48}.Debug|x64.Build.0 = Debug|Any CPU
		{85269118-8905-497A-A43E-2EC405960A48}.Debug|x86.ActiveCfg = Debug|Any CPU
		{85269118-8905-497A-A43E-2EC405960A48}.Debug|x86.Build.0 = Debug|Any CPU
		{85269118-8905-497A-A43E-2EC405960A48}.Release|Any CPU.ActiveCfg = Release|Any CPU
		{85269118-8905-497A-A43E-2EC405960A48}.Release|Any CPU.Build.0 = Release|Any CPU
		{85269118-8905-497A-A43E-2EC405960A48}.Release|x64.ActiveCfg = Release|Any CPU
		{85269118-8905-497A-A43E-2EC405960A48}.Release|x64.Build.0 = Release|Any CPU
		{85269118-8905-497A-A43E-2EC405960A48}.Release|x86.ActiveCfg = Release|Any CPU
		{85269118-8905-497A-A43E-2EC405960A48}.Release|x86.Build.0 = Release|Any CPU
		{795608A3-190B-421E-B134-40B7FA8E7163}.Debug|Any CPU.ActiveCfg = Debug|Any CPU
		{795608A3-190B-421E-B134-40B7FA8E7163}.Debug|Any CPU.Build.0 = Debug|Any CPU
		{795608A3-190B-421E-B134-40B7FA8E7163}.Debug|x64.ActiveCfg = Debug|Any CPU
		{795608A3-190B-421E-B134-40B7FA8E7163}.Debug|x64.Build.0 = Debug|Any CPU
		{795608A3-190B-421E-B134-40B7FA8E7163}.Debug|x86.ActiveCfg = Debug|Any CPU
		{795608A3-190B-421E-B134-40B7FA8E7163}.Debug|x86.Build.0 = Debug|Any CPU
		{795608A3-190B-421E-B134-40B7FA8E7163}.Release|Any CPU.ActiveCfg = Release|Any CPU
		{795608A3-190B-421E-B134-40B7FA8E7163}.Release|Any CPU.Build.0 = Release|Any CPU
		{795608A3-190B-421E-B134-40B7FA8E7163}.Release|x64.ActiveCfg = Release|Any CPU
		{795608A3-190B-421E-B134-40B7FA8E7163}.Release|x64.Build.0 = Release|Any CPU
		{795608A3-190B-421E-B134-40B7FA8E7163}.Release|x86.ActiveCfg = Release|Any CPU
		{795608A3-190B-421E-B134-40B7FA8E7163}.Release|x86.Build.0 = Release|Any CPU
		{8BB0E54F-DC83-4A5E-A57D-AF7595A833AC}.Debug|Any CPU.ActiveCfg = Debug|Any CPU
		{8BB0E54F-DC83-4A5E-A57D-AF7595A833AC}.Debug|Any CPU.Build.0 = Debug|Any CPU
		{8BB0E54F-DC83-4A5E-A57D-AF7595A833AC}.Debug|x64.ActiveCfg = Debug|Any CPU
		{8BB0E54F-DC83-4A5E-A57D-AF7595A833AC}.Debug|x64.Build.0 = Debug|Any CPU
		{8BB0E54F-DC83-4A5E-A57D-AF7595A833AC}.Debug|x86.ActiveCfg = Debug|Any CPU
		{8BB0E54F-DC83-4A5E-A57D-AF7595A833AC}.Debug|x86.Build.0 = Debug|Any CPU
		{8BB0E54F-DC83-4A5E-A57D-AF7595A833AC}.Release|Any CPU.ActiveCfg = Release|Any CPU
		{8BB0E54F-DC83-4A5E-A57D-AF7595A833AC}.Release|Any CPU.Build.0 = Release|Any CPU
		{8BB0E54F-DC83-4A5E-A57D-AF7595A833AC}.Release|x64.ActiveCfg = Release|Any CPU
		{8BB0E54F-DC83-4A5E-A57D-AF7595A833AC}.Release|x64.Build.0 = Release|Any CPU
		{8BB0E54F-DC83-4A5E-A57D-AF7595A833AC}.Release|x86.ActiveCfg = Release|Any CPU
		{8BB0E54F-DC83-4A5E-A57D-AF7595A833AC}.Release|x86.Build.0 = Release|Any CPU
		{D78EFE4E-F48C-4397-92F9-644244430466}.Debug|Any CPU.ActiveCfg = Debug|Any CPU
		{D78EFE4E-F48C-4397-92F9-644244430466}.Debug|Any CPU.Build.0 = Debug|Any CPU
		{D78EFE4E-F48C-4397-92F9-644244430466}.Debug|x64.ActiveCfg = Debug|Any CPU
		{D78EFE4E-F48C-4397-92F9-644244430466}.Debug|x64.Build.0 = Debug|Any CPU
		{D78EFE4E-F48C-4397-92F9-644244430466}.Debug|x86.ActiveCfg = Debug|Any CPU
		{D78EFE4E-F48C-4397-92F9-644244430466}.Debug|x86.Build.0 = Debug|Any CPU
		{D78EFE4E-F48C-4397-92F9-644244430466}.Release|Any CPU.ActiveCfg = Release|Any CPU
		{D78EFE4E-F48C-4397-92F9-644244430466}.Release|Any CPU.Build.0 = Release|Any CPU
		{D78EFE4E-F48C-4397-92F9-644244430466}.Release|x64.ActiveCfg = Release|Any CPU
		{D78EFE4E-F48C-4397-92F9-644244430466}.Release|x64.Build.0 = Release|Any CPU
		{D78EFE4E-F48C-4397-92F9-644244430466}.Release|x86.ActiveCfg = Release|Any CPU
		{D78EFE4E-F48C-4397-92F9-644244430466}.Release|x86.Build.0 = Release|Any CPU
		{8C717A35-70AC-4B3B-A4BC-D5AF82970ACC}.Debug|Any CPU.ActiveCfg = Debug|Any CPU
		{8C717A35-70AC-4B3B-A4BC-D5AF82970ACC}.Debug|Any CPU.Build.0 = Debug|Any CPU
		{8C717A35-70AC-4B3B-A4BC-D5AF82970ACC}.Debug|x64.ActiveCfg = Debug|Any CPU
		{8C717A35-70AC-4B3B-A4BC-D5AF82970ACC}.Debug|x64.Build.0 = Debug|Any CPU
		{8C717A35-70AC-4B3B-A4BC-D5AF82970ACC}.Debug|x86.ActiveCfg = Debug|Any CPU
		{8C717A35-70AC-4B3B-A4BC-D5AF82970ACC}.Debug|x86.Build.0 = Debug|Any CPU
		{8C717A35-70AC-4B3B-A4BC-D5AF82970ACC}.Release|Any CPU.ActiveCfg = Release|Any CPU
		{8C717A35-70AC-4B3B-A4BC-D5AF82970ACC}.Release|Any CPU.Build.0 = Release|Any CPU
		{8C717A35-70AC-4B3B-A4BC-D5AF82970ACC}.Release|x64.ActiveCfg = Release|Any CPU
		{8C717A35-70AC-4B3B-A4BC-D5AF82970ACC}.Release|x64.Build.0 = Release|Any CPU
		{8C717A35-70AC-4B3B-A4BC-D5AF82970ACC}.Release|x86.ActiveCfg = Release|Any CPU
		{8C717A35-70AC-4B3B-A4BC-D5AF82970ACC}.Release|x86.Build.0 = Release|Any CPU
		{D6716145-B9BF-4439-8F8E-4ADF5D979D5A}.Debug|Any CPU.ActiveCfg = Debug|Any CPU
		{D6716145-B9BF-4439-8F8E-4ADF5D979D5A}.Debug|Any CPU.Build.0 = Debug|Any CPU
		{D6716145-B9BF-4439-8F8E-4ADF5D979D5A}.Debug|x64.ActiveCfg = Debug|Any CPU
		{D6716145-B9BF-4439-8F8E-4ADF5D979D5A}.Debug|x64.Build.0 = Debug|Any CPU
		{D6716145-B9BF-4439-8F8E-4ADF5D979D5A}.Debug|x86.ActiveCfg = Debug|Any CPU
		{D6716145-B9BF-4439-8F8E-4ADF5D979D5A}.Debug|x86.Build.0 = Debug|Any CPU
		{D6716145-B9BF-4439-8F8E-4ADF5D979D5A}.Release|Any CPU.ActiveCfg = Release|Any CPU
		{D6716145-B9BF-4439-8F8E-4ADF5D979D5A}.Release|Any CPU.Build.0 = Release|Any CPU
		{D6716145-B9BF-4439-8F8E-4ADF5D979D5A}.Release|x64.ActiveCfg = Release|Any CPU
		{D6716145-B9BF-4439-8F8E-4ADF5D979D5A}.Release|x64.Build.0 = Release|Any CPU
		{D6716145-B9BF-4439-8F8E-4ADF5D979D5A}.Release|x86.ActiveCfg = Release|Any CPU
		{D6716145-B9BF-4439-8F8E-4ADF5D979D5A}.Release|x86.Build.0 = Release|Any CPU
		{8E821724-2045-41D2-B8BE-859857F681D9}.Debug|Any CPU.ActiveCfg = Debug|Any CPU
		{8E821724-2045-41D2-B8BE-859857F681D9}.Debug|Any CPU.Build.0 = Debug|Any CPU
		{8E821724-2045-41D2-B8BE-859857F681D9}.Debug|x64.ActiveCfg = Debug|Any CPU
		{8E821724-2045-41D2-B8BE-859857F681D9}.Debug|x64.Build.0 = Debug|Any CPU
		{8E821724-2045-41D2-B8BE-859857F681D9}.Debug|x86.ActiveCfg = Debug|Any CPU
		{8E821724-2045-41D2-B8BE-859857F681D9}.Debug|x86.Build.0 = Debug|Any CPU
		{8E821724-2045-41D2-B8BE-859857F681D9}.Release|Any CPU.ActiveCfg = Release|Any CPU
		{8E821724-2045-41D2-B8BE-859857F681D9}.Release|Any CPU.Build.0 = Release|Any CPU
		{8E821724-2045-41D2-B8BE-859857F681D9}.Release|x64.ActiveCfg = Release|Any CPU
		{8E821724-2045-41D2-B8BE-859857F681D9}.Release|x64.Build.0 = Release|Any CPU
		{8E821724-2045-41D2-B8BE-859857F681D9}.Release|x86.ActiveCfg = Release|Any CPU
		{8E821724-2045-41D2-B8BE-859857F681D9}.Release|x86.Build.0 = Release|Any CPU
		{3E50CAB6-DD33-4172-895B-194FA77064D3}.Debug|Any CPU.ActiveCfg = Debug|Any CPU
		{3E50CAB6-DD33-4172-895B-194FA77064D3}.Debug|Any CPU.Build.0 = Debug|Any CPU
		{3E50CAB6-DD33-4172-895B-194FA77064D3}.Debug|x64.ActiveCfg = Debug|Any CPU
		{3E50CAB6-DD33-4172-895B-194FA77064D3}.Debug|x64.Build.0 = Debug|Any CPU
		{3E50CAB6-DD33-4172-895B-194FA77064D3}.Debug|x86.ActiveCfg = Debug|Any CPU
		{3E50CAB6-DD33-4172-895B-194FA77064D3}.Debug|x86.Build.0 = Debug|Any CPU
		{3E50CAB6-DD33-4172-895B-194FA77064D3}.Release|Any CPU.ActiveCfg = Release|Any CPU
		{3E50CAB6-DD33-4172-895B-194FA77064D3}.Release|Any CPU.Build.0 = Release|Any CPU
		{3E50CAB6-DD33-4172-895B-194FA77064D3}.Release|x64.ActiveCfg = Release|Any CPU
		{3E50CAB6-DD33-4172-895B-194FA77064D3}.Release|x64.Build.0 = Release|Any CPU
		{3E50CAB6-DD33-4172-895B-194FA77064D3}.Release|x86.ActiveCfg = Release|Any CPU
		{3E50CAB6-DD33-4172-895B-194FA77064D3}.Release|x86.Build.0 = Release|Any CPU
		{58ABB665-B01F-477F-A602-BF6CE9F92DB4}.Debug|Any CPU.ActiveCfg = Debug|Any CPU
		{58ABB665-B01F-477F-A602-BF6CE9F92DB4}.Debug|Any CPU.Build.0 = Debug|Any CPU
		{58ABB665-B01F-477F-A602-BF6CE9F92DB4}.Debug|x64.ActiveCfg = Debug|Any CPU
		{58ABB665-B01F-477F-A602-BF6CE9F92DB4}.Debug|x64.Build.0 = Debug|Any CPU
		{58ABB665-B01F-477F-A602-BF6CE9F92DB4}.Debug|x86.ActiveCfg = Debug|Any CPU
		{58ABB665-B01F-477F-A602-BF6CE9F92DB4}.Debug|x86.Build.0 = Debug|Any CPU
		{58ABB665-B01F-477F-A602-BF6CE9F92DB4}.Release|Any CPU.ActiveCfg = Release|Any CPU
		{58ABB665-B01F-477F-A602-BF6CE9F92DB4}.Release|Any CPU.Build.0 = Release|Any CPU
		{58ABB665-B01F-477F-A602-BF6CE9F92DB4}.Release|x64.ActiveCfg = Release|Any CPU
		{58ABB665-B01F-477F-A602-BF6CE9F92DB4}.Release|x64.Build.0 = Release|Any CPU
		{58ABB665-B01F-477F-A602-BF6CE9F92DB4}.Release|x86.ActiveCfg = Release|Any CPU
		{58ABB665-B01F-477F-A602-BF6CE9F92DB4}.Release|x86.Build.0 = Release|Any CPU
		{0DE9F339-56E9-4898-AB7F-A2F3A4597EDA}.Debug|Any CPU.ActiveCfg = Debug|Any CPU
		{0DE9F339-56E9-4898-AB7F-A2F3A4597EDA}.Debug|Any CPU.Build.0 = Debug|Any CPU
		{0DE9F339-56E9-4898-AB7F-A2F3A4597EDA}.Debug|x64.ActiveCfg = Debug|Any CPU
		{0DE9F339-56E9-4898-AB7F-A2F3A4597EDA}.Debug|x64.Build.0 = Debug|Any CPU
		{0DE9F339-56E9-4898-AB7F-A2F3A4597EDA}.Debug|x86.ActiveCfg = Debug|Any CPU
		{0DE9F339-56E9-4898-AB7F-A2F3A4597EDA}.Debug|x86.Build.0 = Debug|Any CPU
		{0DE9F339-56E9-4898-AB7F-A2F3A4597EDA}.Release|Any CPU.ActiveCfg = Release|Any CPU
		{0DE9F339-56E9-4898-AB7F-A2F3A4597EDA}.Release|Any CPU.Build.0 = Release|Any CPU
		{0DE9F339-56E9-4898-AB7F-A2F3A4597EDA}.Release|x64.ActiveCfg = Release|Any CPU
		{0DE9F339-56E9-4898-AB7F-A2F3A4597EDA}.Release|x64.Build.0 = Release|Any CPU
		{0DE9F339-56E9-4898-AB7F-A2F3A4597EDA}.Release|x86.ActiveCfg = Release|Any CPU
		{0DE9F339-56E9-4898-AB7F-A2F3A4597EDA}.Release|x86.Build.0 = Release|Any CPU
		{616F0696-B884-4B7C-881B-DD4C5EC8BFC3}.Debug|Any CPU.ActiveCfg = Debug|Any CPU
		{616F0696-B884-4B7C-881B-DD4C5EC8BFC3}.Debug|Any CPU.Build.0 = Debug|Any CPU
		{616F0696-B884-4B7C-881B-DD4C5EC8BFC3}.Debug|x64.ActiveCfg = Debug|Any CPU
		{616F0696-B884-4B7C-881B-DD4C5EC8BFC3}.Debug|x64.Build.0 = Debug|Any CPU
		{616F0696-B884-4B7C-881B-DD4C5EC8BFC3}.Debug|x86.ActiveCfg = Debug|Any CPU
		{616F0696-B884-4B7C-881B-DD4C5EC8BFC3}.Debug|x86.Build.0 = Debug|Any CPU
		{616F0696-B884-4B7C-881B-DD4C5EC8BFC3}.Release|Any CPU.ActiveCfg = Release|Any CPU
		{616F0696-B884-4B7C-881B-DD4C5EC8BFC3}.Release|Any CPU.Build.0 = Release|Any CPU
		{616F0696-B884-4B7C-881B-DD4C5EC8BFC3}.Release|x64.ActiveCfg = Release|Any CPU
		{616F0696-B884-4B7C-881B-DD4C5EC8BFC3}.Release|x64.Build.0 = Release|Any CPU
		{616F0696-B884-4B7C-881B-DD4C5EC8BFC3}.Release|x86.ActiveCfg = Release|Any CPU
		{616F0696-B884-4B7C-881B-DD4C5EC8BFC3}.Release|x86.Build.0 = Release|Any CPU
		{2D9B6694-3DCD-457B-BE83-8BDED068517E}.Debug|Any CPU.ActiveCfg = Debug|Any CPU
		{2D9B6694-3DCD-457B-BE83-8BDED068517E}.Debug|Any CPU.Build.0 = Debug|Any CPU
		{2D9B6694-3DCD-457B-BE83-8BDED068517E}.Debug|x64.ActiveCfg = Debug|Any CPU
		{2D9B6694-3DCD-457B-BE83-8BDED068517E}.Debug|x64.Build.0 = Debug|Any CPU
		{2D9B6694-3DCD-457B-BE83-8BDED068517E}.Debug|x86.ActiveCfg = Debug|Any CPU
		{2D9B6694-3DCD-457B-BE83-8BDED068517E}.Debug|x86.Build.0 = Debug|Any CPU
		{2D9B6694-3DCD-457B-BE83-8BDED068517E}.Release|Any CPU.ActiveCfg = Release|Any CPU
		{2D9B6694-3DCD-457B-BE83-8BDED068517E}.Release|Any CPU.Build.0 = Release|Any CPU
		{2D9B6694-3DCD-457B-BE83-8BDED068517E}.Release|x64.ActiveCfg = Release|Any CPU
		{2D9B6694-3DCD-457B-BE83-8BDED068517E}.Release|x64.Build.0 = Release|Any CPU
		{2D9B6694-3DCD-457B-BE83-8BDED068517E}.Release|x86.ActiveCfg = Release|Any CPU
		{2D9B6694-3DCD-457B-BE83-8BDED068517E}.Release|x86.Build.0 = Release|Any CPU
		{7E03C3F7-8DBE-432B-A6C4-D808DE2D3C57}.Debug|Any CPU.ActiveCfg = Debug|Any CPU
		{7E03C3F7-8DBE-432B-A6C4-D808DE2D3C57}.Debug|Any CPU.Build.0 = Debug|Any CPU
		{7E03C3F7-8DBE-432B-A6C4-D808DE2D3C57}.Debug|x64.ActiveCfg = Debug|Any CPU
		{7E03C3F7-8DBE-432B-A6C4-D808DE2D3C57}.Debug|x64.Build.0 = Debug|Any CPU
		{7E03C3F7-8DBE-432B-A6C4-D808DE2D3C57}.Debug|x86.ActiveCfg = Debug|Any CPU
		{7E03C3F7-8DBE-432B-A6C4-D808DE2D3C57}.Debug|x86.Build.0 = Debug|Any CPU
		{7E03C3F7-8DBE-432B-A6C4-D808DE2D3C57}.Release|Any CPU.ActiveCfg = Release|Any CPU
		{7E03C3F7-8DBE-432B-A6C4-D808DE2D3C57}.Release|Any CPU.Build.0 = Release|Any CPU
		{7E03C3F7-8DBE-432B-A6C4-D808DE2D3C57}.Release|x64.ActiveCfg = Release|Any CPU
		{7E03C3F7-8DBE-432B-A6C4-D808DE2D3C57}.Release|x64.Build.0 = Release|Any CPU
		{7E03C3F7-8DBE-432B-A6C4-D808DE2D3C57}.Release|x86.ActiveCfg = Release|Any CPU
		{7E03C3F7-8DBE-432B-A6C4-D808DE2D3C57}.Release|x86.Build.0 = Release|Any CPU
		{A8A830A5-F714-4976-8482-67FA748BBBF3}.Debug|Any CPU.ActiveCfg = Debug|Any CPU
		{A8A830A5-F714-4976-8482-67FA748BBBF3}.Debug|Any CPU.Build.0 = Debug|Any CPU
		{A8A830A5-F714-4976-8482-67FA748BBBF3}.Debug|x64.ActiveCfg = Debug|Any CPU
		{A8A830A5-F714-4976-8482-67FA748BBBF3}.Debug|x64.Build.0 = Debug|Any CPU
		{A8A830A5-F714-4976-8482-67FA748BBBF3}.Debug|x86.ActiveCfg = Debug|Any CPU
		{A8A830A5-F714-4976-8482-67FA748BBBF3}.Debug|x86.Build.0 = Debug|Any CPU
		{A8A830A5-F714-4976-8482-67FA748BBBF3}.Release|Any CPU.ActiveCfg = Release|Any CPU
		{A8A830A5-F714-4976-8482-67FA748BBBF3}.Release|Any CPU.Build.0 = Release|Any CPU
		{A8A830A5-F714-4976-8482-67FA748BBBF3}.Release|x64.ActiveCfg = Release|Any CPU
		{A8A830A5-F714-4976-8482-67FA748BBBF3}.Release|x64.Build.0 = Release|Any CPU
		{A8A830A5-F714-4976-8482-67FA748BBBF3}.Release|x86.ActiveCfg = Release|Any CPU
		{A8A830A5-F714-4976-8482-67FA748BBBF3}.Release|x86.Build.0 = Release|Any CPU
		{7B4CFA79-4017-4A27-B08E-5757DD7FAF89}.Debug|Any CPU.ActiveCfg = Debug|Any CPU
		{7B4CFA79-4017-4A27-B08E-5757DD7FAF89}.Debug|Any CPU.Build.0 = Debug|Any CPU
		{7B4CFA79-4017-4A27-B08E-5757DD7FAF89}.Debug|x64.ActiveCfg = Debug|Any CPU
		{7B4CFA79-4017-4A27-B08E-5757DD7FAF89}.Debug|x64.Build.0 = Debug|Any CPU
		{7B4CFA79-4017-4A27-B08E-5757DD7FAF89}.Debug|x86.ActiveCfg = Debug|Any CPU
		{7B4CFA79-4017-4A27-B08E-5757DD7FAF89}.Debug|x86.Build.0 = Debug|Any CPU
		{7B4CFA79-4017-4A27-B08E-5757DD7FAF89}.Release|Any CPU.ActiveCfg = Release|Any CPU
		{7B4CFA79-4017-4A27-B08E-5757DD7FAF89}.Release|Any CPU.Build.0 = Release|Any CPU
		{7B4CFA79-4017-4A27-B08E-5757DD7FAF89}.Release|x64.ActiveCfg = Release|Any CPU
		{7B4CFA79-4017-4A27-B08E-5757DD7FAF89}.Release|x64.Build.0 = Release|Any CPU
		{7B4CFA79-4017-4A27-B08E-5757DD7FAF89}.Release|x86.ActiveCfg = Release|Any CPU
		{7B4CFA79-4017-4A27-B08E-5757DD7FAF89}.Release|x86.Build.0 = Release|Any CPU
		{51D32626-D2E7-4743-9DC3-3C57308422FE}.Debug|Any CPU.ActiveCfg = Debug|Any CPU
		{51D32626-D2E7-4743-9DC3-3C57308422FE}.Debug|Any CPU.Build.0 = Debug|Any CPU
		{51D32626-D2E7-4743-9DC3-3C57308422FE}.Debug|x64.ActiveCfg = Debug|Any CPU
		{51D32626-D2E7-4743-9DC3-3C57308422FE}.Debug|x64.Build.0 = Debug|Any CPU
		{51D32626-D2E7-4743-9DC3-3C57308422FE}.Debug|x86.ActiveCfg = Debug|Any CPU
		{51D32626-D2E7-4743-9DC3-3C57308422FE}.Debug|x86.Build.0 = Debug|Any CPU
		{51D32626-D2E7-4743-9DC3-3C57308422FE}.Release|Any CPU.ActiveCfg = Release|Any CPU
		{51D32626-D2E7-4743-9DC3-3C57308422FE}.Release|Any CPU.Build.0 = Release|Any CPU
		{51D32626-D2E7-4743-9DC3-3C57308422FE}.Release|x64.ActiveCfg = Release|Any CPU
		{51D32626-D2E7-4743-9DC3-3C57308422FE}.Release|x64.Build.0 = Release|Any CPU
		{51D32626-D2E7-4743-9DC3-3C57308422FE}.Release|x86.ActiveCfg = Release|Any CPU
		{51D32626-D2E7-4743-9DC3-3C57308422FE}.Release|x86.Build.0 = Release|Any CPU
		{2613A223-AD60-4F0A-AC5D-17C567428511}.Debug|Any CPU.ActiveCfg = Debug|Any CPU
		{2613A223-AD60-4F0A-AC5D-17C567428511}.Debug|Any CPU.Build.0 = Debug|Any CPU
		{2613A223-AD60-4F0A-AC5D-17C567428511}.Debug|x64.ActiveCfg = Debug|Any CPU
		{2613A223-AD60-4F0A-AC5D-17C567428511}.Debug|x64.Build.0 = Debug|Any CPU
		{2613A223-AD60-4F0A-AC5D-17C567428511}.Debug|x86.ActiveCfg = Debug|Any CPU
		{2613A223-AD60-4F0A-AC5D-17C567428511}.Debug|x86.Build.0 = Debug|Any CPU
		{2613A223-AD60-4F0A-AC5D-17C567428511}.Release|Any CPU.ActiveCfg = Release|Any CPU
		{2613A223-AD60-4F0A-AC5D-17C567428511}.Release|Any CPU.Build.0 = Release|Any CPU
		{2613A223-AD60-4F0A-AC5D-17C567428511}.Release|x64.ActiveCfg = Release|Any CPU
		{2613A223-AD60-4F0A-AC5D-17C567428511}.Release|x64.Build.0 = Release|Any CPU
		{2613A223-AD60-4F0A-AC5D-17C567428511}.Release|x86.ActiveCfg = Release|Any CPU
		{2613A223-AD60-4F0A-AC5D-17C567428511}.Release|x86.Build.0 = Release|Any CPU
		{177535EE-3F62-490B-A0C6-946C890492CE}.Debug|Any CPU.ActiveCfg = Debug|Any CPU
		{177535EE-3F62-490B-A0C6-946C890492CE}.Debug|Any CPU.Build.0 = Debug|Any CPU
		{177535EE-3F62-490B-A0C6-946C890492CE}.Debug|x64.ActiveCfg = Debug|Any CPU
		{177535EE-3F62-490B-A0C6-946C890492CE}.Debug|x64.Build.0 = Debug|Any CPU
		{177535EE-3F62-490B-A0C6-946C890492CE}.Debug|x86.ActiveCfg = Debug|Any CPU
		{177535EE-3F62-490B-A0C6-946C890492CE}.Debug|x86.Build.0 = Debug|Any CPU
		{177535EE-3F62-490B-A0C6-946C890492CE}.Release|Any CPU.ActiveCfg = Release|Any CPU
		{177535EE-3F62-490B-A0C6-946C890492CE}.Release|Any CPU.Build.0 = Release|Any CPU
		{177535EE-3F62-490B-A0C6-946C890492CE}.Release|x64.ActiveCfg = Release|Any CPU
		{177535EE-3F62-490B-A0C6-946C890492CE}.Release|x64.Build.0 = Release|Any CPU
		{177535EE-3F62-490B-A0C6-946C890492CE}.Release|x86.ActiveCfg = Release|Any CPU
		{177535EE-3F62-490B-A0C6-946C890492CE}.Release|x86.Build.0 = Release|Any CPU
		{FE8DBA57-8610-47AA-B217-DF93DECC6069}.Debug|Any CPU.ActiveCfg = Debug|Any CPU
		{FE8DBA57-8610-47AA-B217-DF93DECC6069}.Debug|Any CPU.Build.0 = Debug|Any CPU
		{FE8DBA57-8610-47AA-B217-DF93DECC6069}.Debug|x64.ActiveCfg = Debug|Any CPU
		{FE8DBA57-8610-47AA-B217-DF93DECC6069}.Debug|x64.Build.0 = Debug|Any CPU
		{FE8DBA57-8610-47AA-B217-DF93DECC6069}.Debug|x86.ActiveCfg = Debug|Any CPU
		{FE8DBA57-8610-47AA-B217-DF93DECC6069}.Debug|x86.Build.0 = Debug|Any CPU
		{FE8DBA57-8610-47AA-B217-DF93DECC6069}.Release|Any CPU.ActiveCfg = Release|Any CPU
		{FE8DBA57-8610-47AA-B217-DF93DECC6069}.Release|Any CPU.Build.0 = Release|Any CPU
		{FE8DBA57-8610-47AA-B217-DF93DECC6069}.Release|x64.ActiveCfg = Release|Any CPU
		{FE8DBA57-8610-47AA-B217-DF93DECC6069}.Release|x64.Build.0 = Release|Any CPU
		{FE8DBA57-8610-47AA-B217-DF93DECC6069}.Release|x86.ActiveCfg = Release|Any CPU
		{FE8DBA57-8610-47AA-B217-DF93DECC6069}.Release|x86.Build.0 = Release|Any CPU
		{BE199657-4BC4-46B5-9982-F1804C54514A}.Debug|Any CPU.ActiveCfg = Debug|Any CPU
		{BE199657-4BC4-46B5-9982-F1804C54514A}.Debug|Any CPU.Build.0 = Debug|Any CPU
		{BE199657-4BC4-46B5-9982-F1804C54514A}.Debug|x64.ActiveCfg = Debug|Any CPU
		{BE199657-4BC4-46B5-9982-F1804C54514A}.Debug|x64.Build.0 = Debug|Any CPU
		{BE199657-4BC4-46B5-9982-F1804C54514A}.Debug|x86.ActiveCfg = Debug|Any CPU
		{BE199657-4BC4-46B5-9982-F1804C54514A}.Debug|x86.Build.0 = Debug|Any CPU
		{BE199657-4BC4-46B5-9982-F1804C54514A}.Release|Any CPU.ActiveCfg = Release|Any CPU
		{BE199657-4BC4-46B5-9982-F1804C54514A}.Release|Any CPU.Build.0 = Release|Any CPU
		{BE199657-4BC4-46B5-9982-F1804C54514A}.Release|x64.ActiveCfg = Release|Any CPU
		{BE199657-4BC4-46B5-9982-F1804C54514A}.Release|x64.Build.0 = Release|Any CPU
		{BE199657-4BC4-46B5-9982-F1804C54514A}.Release|x86.ActiveCfg = Release|Any CPU
		{BE199657-4BC4-46B5-9982-F1804C54514A}.Release|x86.Build.0 = Release|Any CPU
		{5671D0DE-9DE4-45C7-9609-7CE77B631E1E}.Debug|Any CPU.ActiveCfg = Debug|Any CPU
		{5671D0DE-9DE4-45C7-9609-7CE77B631E1E}.Debug|Any CPU.Build.0 = Debug|Any CPU
		{5671D0DE-9DE4-45C7-9609-7CE77B631E1E}.Debug|x64.ActiveCfg = Debug|Any CPU
		{5671D0DE-9DE4-45C7-9609-7CE77B631E1E}.Debug|x64.Build.0 = Debug|Any CPU
		{5671D0DE-9DE4-45C7-9609-7CE77B631E1E}.Debug|x86.ActiveCfg = Debug|Any CPU
		{5671D0DE-9DE4-45C7-9609-7CE77B631E1E}.Debug|x86.Build.0 = Debug|Any CPU
		{5671D0DE-9DE4-45C7-9609-7CE77B631E1E}.Release|Any CPU.ActiveCfg = Release|Any CPU
		{5671D0DE-9DE4-45C7-9609-7CE77B631E1E}.Release|Any CPU.Build.0 = Release|Any CPU
		{5671D0DE-9DE4-45C7-9609-7CE77B631E1E}.Release|x64.ActiveCfg = Release|Any CPU
		{5671D0DE-9DE4-45C7-9609-7CE77B631E1E}.Release|x64.Build.0 = Release|Any CPU
		{5671D0DE-9DE4-45C7-9609-7CE77B631E1E}.Release|x86.ActiveCfg = Release|Any CPU
		{5671D0DE-9DE4-45C7-9609-7CE77B631E1E}.Release|x86.Build.0 = Release|Any CPU
		{B1536732-5D51-4662-B459-E0204736E1B4}.Debug|Any CPU.ActiveCfg = Debug|Any CPU
		{B1536732-5D51-4662-B459-E0204736E1B4}.Debug|Any CPU.Build.0 = Debug|Any CPU
		{B1536732-5D51-4662-B459-E0204736E1B4}.Debug|x64.ActiveCfg = Debug|Any CPU
		{B1536732-5D51-4662-B459-E0204736E1B4}.Debug|x64.Build.0 = Debug|Any CPU
		{B1536732-5D51-4662-B459-E0204736E1B4}.Debug|x86.ActiveCfg = Debug|Any CPU
		{B1536732-5D51-4662-B459-E0204736E1B4}.Debug|x86.Build.0 = Debug|Any CPU
		{B1536732-5D51-4662-B459-E0204736E1B4}.Release|Any CPU.ActiveCfg = Release|Any CPU
		{B1536732-5D51-4662-B459-E0204736E1B4}.Release|Any CPU.Build.0 = Release|Any CPU
		{B1536732-5D51-4662-B459-E0204736E1B4}.Release|x64.ActiveCfg = Release|Any CPU
		{B1536732-5D51-4662-B459-E0204736E1B4}.Release|x64.Build.0 = Release|Any CPU
		{B1536732-5D51-4662-B459-E0204736E1B4}.Release|x86.ActiveCfg = Release|Any CPU
		{B1536732-5D51-4662-B459-E0204736E1B4}.Release|x86.Build.0 = Release|Any CPU
	EndGlobalSection
	GlobalSection(SolutionProperties) = preSolution
		HideSolutionNode = FALSE
	EndGlobalSection
	GlobalSection(NestedProjects) = preSolution
		{EEC30E34-790B-9CEA-1AD3-FD4FD3416C3B} = {E9167FFE-0596-C753-3121-4682AF242C20}
		{847361A7-AE17-45C5-AB76-9D32C48D80A9} = {EEC30E34-790B-9CEA-1AD3-FD4FD3416C3B}
		{5508B785-6894-59B4-09E3-3D652605F42B} = {04974E11-AACA-4903-0909-F982AB5F5F65}
		{258BF91D-D502-4ED1-BA50-5C4B38F29484} = {5508B785-6894-59B4-09E3-3D652605F42B}
		{436B7369-65BE-84D6-576F-7A685B38213E} = {E9167FFE-0596-C753-3121-4682AF242C20}
		{07554435-E092-08E8-3A19-4BDA117EFFF3} = {436B7369-65BE-84D6-576F-7A685B38213E}
		{97EBA738-CA62-45C5-9473-5B9E56DE140A} = {07554435-E092-08E8-3A19-4BDA117EFFF3}
		{0BB584EF-7368-1205-388B-C21F3412E296} = {436B7369-65BE-84D6-576F-7A685B38213E}
		{9024E8CF-959B-4F2D-BFBB-645FC08A707E} = {0BB584EF-7368-1205-388B-C21F3412E296}
		{42497EA6-9A31-F441-13AF-A118A49E2923} = {436B7369-65BE-84D6-576F-7A685B38213E}
		{851E56CE-65EF-4734-A0B6-EDEE07F74AE8} = {42497EA6-9A31-F441-13AF-A118A49E2923}
		{E142524A-061E-BFBF-7AF0-725F3259B804} = {436B7369-65BE-84D6-576F-7A685B38213E}
		{8AF05329-35C1-462E-BFA5-2FB476AA7C65} = {E142524A-061E-BFBF-7AF0-725F3259B804}
		{0C2D4B84-11EC-3480-B486-F108B9C99347} = {436B7369-65BE-84D6-576F-7A685B38213E}
		{35F877B6-26E7-4F4F-B254-EC1D8FE051AD} = {0C2D4B84-11EC-3480-B486-F108B9C99347}
		{2FB031A7-2CB2-A2E6-19A4-E66FD8759E14} = {436B7369-65BE-84D6-576F-7A685B38213E}
		{E7C168D3-825A-45F5-906A-156377F4F0D8} = {2FB031A7-2CB2-A2E6-19A4-E66FD8759E14}
		{3CC64F09-626B-E18D-BB4E-8327D246E57B} = {436B7369-65BE-84D6-576F-7A685B38213E}
		{CE1F5906-49AB-487F-8595-A54036DC5486} = {3CC64F09-626B-E18D-BB4E-8327D246E57B}
		{E7955E52-E811-1918-0471-4E40D98D1D7F} = {436B7369-65BE-84D6-576F-7A685B38213E}
		{5CEF3D8E-9A8D-4C11-A71C-32F050602CB8} = {E7955E52-E811-1918-0471-4E40D98D1D7F}
		{5B86064B-CC69-1A98-20A1-07EC95125F4B} = {436B7369-65BE-84D6-576F-7A685B38213E}
		{A06D2AAB-78BA-4EB2-853F-F3E4532D3404} = {5B86064B-CC69-1A98-20A1-07EC95125F4B}
		{B73FDA4B-520B-6426-FD6C-180D86EA1B23} = {436B7369-65BE-84D6-576F-7A685B38213E}
		{174EC413-E23B-4234-BA1F-82DDEA850433} = {B73FDA4B-520B-6426-FD6C-180D86EA1B23}
		{92335476-3BA6-2725-5A01-C6AF2AB73C49} = {C7F53532-D2B1-9841-0252-2BEBCDDD5D92}
		{ABD2F153-5B23-3162-0717-C64C10656AF7} = {92335476-3BA6-2725-5A01-C6AF2AB73C49}
		{0BC19ECF-9570-47B3-9CF4-EBF3948F2C78} = {ABD2F153-5B23-3162-0717-C64C10656AF7}
		{AF92A647-5D97-A553-8EDC-2DC7A65DC111} = {C7F53532-D2B1-9841-0252-2BEBCDDD5D92}
		{B2F1FCBB-E2CB-A6E3-FDC5-7B7F242ACAA7} = {AF92A647-5D97-A553-8EDC-2DC7A65DC111}
		{F2491EE7-553C-4B1B-AF84-C18D01C73872} = {B2F1FCBB-E2CB-A6E3-FDC5-7B7F242ACAA7}
		{362D2CFB-A811-E625-A6BF-6CAAB12DA731} = {C7F53532-D2B1-9841-0252-2BEBCDDD5D92}
		{0E04BF8E-3BCE-54BE-8F86-4562F0B627D2} = {362D2CFB-A811-E625-A6BF-6CAAB12DA731}
		{F6551E52-DDB8-478E-810B-106D3BCF116E} = {0E04BF8E-3BCE-54BE-8F86-4562F0B627D2}
		{3804AEDE-2C95-BFB6-3DBE-1BA7A697DB77} = {92335476-3BA6-2725-5A01-C6AF2AB73C49}
		{ADD4DD56-176E-4463-AF6F-642B4CB68E22} = {3804AEDE-2C95-BFB6-3DBE-1BA7A697DB77}
		{B92B798C-000C-54C6-625F-0B0F7858EA82} = {AF92A647-5D97-A553-8EDC-2DC7A65DC111}
		{DF2BCEF5-5AFD-4EF2-B6E1-85E46DB917EE} = {B92B798C-000C-54C6-625F-0B0F7858EA82}
		{259C540A-1E1F-E104-E3ED-E912D81210E7} = {362D2CFB-A811-E625-A6BF-6CAAB12DA731}
		{6405C578-E386-4396-8BB6-9814E2B56A4C} = {259C540A-1E1F-E104-E3ED-E912D81210E7}
		{07FCB905-D6BF-7EB9-F452-4D62449258FA} = {92335476-3BA6-2725-5A01-C6AF2AB73C49}
		{A4259CCE-ACFD-420E-92BD-5DBDB78D5AD2} = {07FCB905-D6BF-7EB9-F452-4D62449258FA}
		{169359D4-9A1F-C353-A3CD-EDEBDF17984F} = {AF92A647-5D97-A553-8EDC-2DC7A65DC111}
		{98B127EC-CF15-4066-9446-7547F71568FA} = {169359D4-9A1F-C353-A3CD-EDEBDF17984F}
		{C7AB1965-42AF-4CB3-D7AE-541D47C3E245} = {362D2CFB-A811-E625-A6BF-6CAAB12DA731}
		{374B4DA3-E994-4CFF-8712-72963E8741F2} = {C7AB1965-42AF-4CB3-D7AE-541D47C3E245}
		{A714D229-701A-698F-27BA-0800716ED058} = {92335476-3BA6-2725-5A01-C6AF2AB73C49}
		{93265F64-9776-4392-851C-7294FD7FDE05} = {A714D229-701A-698F-27BA-0800716ED058}
		{CF36F26E-F9A7-7F44-1E06-75E62D77750F} = {AF92A647-5D97-A553-8EDC-2DC7A65DC111}
		{85269118-8905-497A-A43E-2EC405960A48} = {CF36F26E-F9A7-7F44-1E06-75E62D77750F}
		{259DACA9-F3FE-2F66-AE8F-C0A207D3189D} = {362D2CFB-A811-E625-A6BF-6CAAB12DA731}
		{795608A3-190B-421E-B134-40B7FA8E7163} = {259DACA9-F3FE-2F66-AE8F-C0A207D3189D}
		{9D4D5F7C-DCB0-6BA1-C54D-048C6A19C573} = {92335476-3BA6-2725-5A01-C6AF2AB73C49}
		{8BB0E54F-DC83-4A5E-A57D-AF7595A833AC} = {9D4D5F7C-DCB0-6BA1-C54D-048C6A19C573}
		{408B655D-6884-EF71-87C9-BF0CB64AE8B3} = {AF92A647-5D97-A553-8EDC-2DC7A65DC111}
		{D78EFE4E-F48C-4397-92F9-644244430466} = {408B655D-6884-EF71-87C9-BF0CB64AE8B3}
		{5D59646C-37FF-2D1C-450C-42A03F4E7F4F} = {362D2CFB-A811-E625-A6BF-6CAAB12DA731}
		{8C717A35-70AC-4B3B-A4BC-D5AF82970ACC} = {5D59646C-37FF-2D1C-450C-42A03F4E7F4F}
		{F58EF58B-768C-B567-32C2-07D9024D8600} = {92335476-3BA6-2725-5A01-C6AF2AB73C49}
		{D6716145-B9BF-4439-8F8E-4ADF5D979D5A} = {F58EF58B-768C-B567-32C2-07D9024D8600}
		{D9A308CB-E54B-AB4E-1100-0CC59D600E08} = {AF92A647-5D97-A553-8EDC-2DC7A65DC111}
		{8E821724-2045-41D2-B8BE-859857F681D9} = {D9A308CB-E54B-AB4E-1100-0CC59D600E08}
		{2DD17A8B-2D00-E14C-4549-9D52BD0BD826} = {362D2CFB-A811-E625-A6BF-6CAAB12DA731}
		{3E50CAB6-DD33-4172-895B-194FA77064D3} = {2DD17A8B-2D00-E14C-4549-9D52BD0BD826}
		{8622F612-2A38-0CBB-09A4-9238EB5EB376} = {92335476-3BA6-2725-5A01-C6AF2AB73C49}
		{58ABB665-B01F-477F-A602-BF6CE9F92DB4} = {8622F612-2A38-0CBB-09A4-9238EB5EB376}
		{B4B702AA-4473-91BE-1ACA-DB5A81941D7B} = {AF92A647-5D97-A553-8EDC-2DC7A65DC111}
		{0DE9F339-56E9-4898-AB7F-A2F3A4597EDA} = {B4B702AA-4473-91BE-1ACA-DB5A81941D7B}
		{BFB5D107-8840-D513-81F5-EB0623A413AD} = {362D2CFB-A811-E625-A6BF-6CAAB12DA731}
		{616F0696-B884-4B7C-881B-DD4C5EC8BFC3} = {BFB5D107-8840-D513-81F5-EB0623A413AD}
		{1DF412E5-4350-0145-C827-B8B12A67A58E} = {92335476-3BA6-2725-5A01-C6AF2AB73C49}
		{2D9B6694-3DCD-457B-BE83-8BDED068517E} = {1DF412E5-4350-0145-C827-B8B12A67A58E}
		{5157F259-9689-F056-9ADC-A9FEE98ABD6E} = {AF92A647-5D97-A553-8EDC-2DC7A65DC111}
		{7E03C3F7-8DBE-432B-A6C4-D808DE2D3C57} = {5157F259-9689-F056-9ADC-A9FEE98ABD6E}
		{FEB473AC-926C-B9CA-5AEA-C10059AE5DC7} = {362D2CFB-A811-E625-A6BF-6CAAB12DA731}
		{A8A830A5-F714-4976-8482-67FA748BBBF3} = {FEB473AC-926C-B9CA-5AEA-C10059AE5DC7}
		{20987C61-C78F-DF3D-682D-494C708BA050} = {92335476-3BA6-2725-5A01-C6AF2AB73C49}
		{7B4CFA79-4017-4A27-B08E-5757DD7FAF89} = {20987C61-C78F-DF3D-682D-494C708BA050}
		{15C64B21-5F56-4D24-CE1E-CF29A04FC2D4} = {AF92A647-5D97-A553-8EDC-2DC7A65DC111}
		{51D32626-D2E7-4743-9DC3-3C57308422FE} = {15C64B21-5F56-4D24-CE1E-CF29A04FC2D4}
		{22AE5853-FBDE-6D88-5B57-58A51FDC594A} = {362D2CFB-A811-E625-A6BF-6CAAB12DA731}
		{2613A223-AD60-4F0A-AC5D-17C567428511} = {22AE5853-FBDE-6D88-5B57-58A51FDC594A}
		{156D3501-1C4E-A03F-B261-A59554933BB8} = {92335476-3BA6-2725-5A01-C6AF2AB73C49}
		{177535EE-3F62-490B-A0C6-946C890492CE} = {156D3501-1C4E-A03F-B261-A59554933BB8}
		{8644FB45-FE28-41CC-23FE-53AF1B34B089} = {AF92A647-5D97-A553-8EDC-2DC7A65DC111}
		{FE8DBA57-8610-47AA-B217-DF93DECC6069} = {8644FB45-FE28-41CC-23FE-53AF1B34B089}
		{BE199657-4BC4-46B5-9982-F1804C54514A} = {400853D4-C990-FF09-C5FD-D7026885E538}
		{5671D0DE-9DE4-45C7-9609-7CE77B631E1E} = {400853D4-C990-FF09-C5FD-D7026885E538}
		{74E19043-A0D7-CAF1-4D5E-53FA9A17752B} = {362D2CFB-A811-E625-A6BF-6CAAB12DA731}
		{B1536732-5D51-4662-B459-E0204736E1B4} = {74E19043-A0D7-CAF1-4D5E-53FA9A17752B}
	EndGlobalSection
EndGlobal
